// !$*UTF8*$!
{
	archiveVersion = 1;
	classes = {
	};
	objectVersion = 46;
	objects = {

/* Begin PBXBuildFile section */
		6C2A83FD189BD2E8002EEA2C /* Stage1TreeViewController.m in Sources */ = {isa = PBXBuildFile; fileRef = 6C2A83FC189BD2E8002EEA2C /* Stage1TreeViewController.m */; };
		6C2A8400189BD2FD002EEA2C /* Stage1BasketViewController.m in Sources */ = {isa = PBXBuildFile; fileRef = 6C2A83FF189BD2FD002EEA2C /* Stage1BasketViewController.m */; };
		6C2A8403189BD30F002EEA2C /* Stage1FieldViewController.m in Sources */ = {isa = PBXBuildFile; fileRef = 6C2A8402189BD30F002EEA2C /* Stage1FieldViewController.m */; };
		6C2A8406189BD31E002EEA2C /* Stage1FarmViewController.m in Sources */ = {isa = PBXBuildFile; fileRef = 6C2A8405189BD31E002EEA2C /* Stage1FarmViewController.m */; };
		6C2A8409189BD32A002EEA2C /* Stage1FishingViewController.m in Sources */ = {isa = PBXBuildFile; fileRef = 6C2A8408189BD32A002EEA2C /* Stage1FishingViewController.m */; };
		6C2A840E189BD387002EEA2C /* Stage1DataSource.m in Sources */ = {isa = PBXBuildFile; fileRef = 6C2A840D189BD387002EEA2C /* Stage1DataSource.m */; };
		6C2A8414189BD67A002EEA2C /* Stage1TreeView.xib in Resources */ = {isa = PBXBuildFile; fileRef = 6C2A840F189BD67A002EEA2C /* Stage1TreeView.xib */; };
		6C2A8415189BD67A002EEA2C /* Stage1BasketView.xib in Resources */ = {isa = PBXBuildFile; fileRef = 6C2A8410189BD67A002EEA2C /* Stage1BasketView.xib */; };
		6C2A8416189BD67A002EEA2C /* Stage1FieldView.xib in Resources */ = {isa = PBXBuildFile; fileRef = 6C2A8411189BD67A002EEA2C /* Stage1FieldView.xib */; };
		6C2A8417189BD67A002EEA2C /* Stage1FarmView.xib in Resources */ = {isa = PBXBuildFile; fileRef = 6C2A8412189BD67A002EEA2C /* Stage1FarmView.xib */; };
		6C2A8418189BD67A002EEA2C /* Stage1FishingView.xib in Resources */ = {isa = PBXBuildFile; fileRef = 6C2A8413189BD67A002EEA2C /* Stage1FishingView.xib */; };
		6CAB3A46189E254400F7F4EB /* cow.mp3 in Resources */ = {isa = PBXBuildFile; fileRef = 6CAB3A31189E254400F7F4EB /* cow.mp3 */; };
		6CAB3A47189E254400F7F4EB /* lock.png in Resources */ = {isa = PBXBuildFile; fileRef = 6CAB3A33189E254400F7F4EB /* lock.png */; };
		6CAB3A48189E254400F7F4EB /* pantalla_joc.png in Resources */ = {isa = PBXBuildFile; fileRef = 6CAB3A34189E254400F7F4EB /* pantalla_joc.png */; };
		6CAB3A49189E254400F7F4EB /* pantalla_mapa.png in Resources */ = {isa = PBXBuildFile; fileRef = 6CAB3A35189E254400F7F4EB /* pantalla_mapa.png */; };
		6CAB3A4A189E254400F7F4EB /* stage.png in Resources */ = {isa = PBXBuildFile; fileRef = 6CAB3A36189E254400F7F4EB /* stage.png */; };
		6CAB3A4B189E254400F7F4EB /* stage1.png in Resources */ = {isa = PBXBuildFile; fileRef = 6CAB3A37189E254400F7F4EB /* stage1.png */; };
		6CAB3A4C189E254400F7F4EB /* boto_about.png in Resources */ = {isa = PBXBuildFile; fileRef = 6CAB3A39189E254400F7F4EB /* boto_about.png */; };
		6CAB3A4D189E254400F7F4EB /* boto_informacio.png in Resources */ = {isa = PBXBuildFile; fileRef = 6CAB3A3A189E254400F7F4EB /* boto_informacio.png */; };
		6CAB3A4E189E254400F7F4EB /* boto_nivell.png in Resources */ = {isa = PBXBuildFile; fileRef = 6CAB3A3B189E254400F7F4EB /* boto_nivell.png */; };
		6CAB3A4F189E254400F7F4EB /* boto_tornar_mapa.png in Resources */ = {isa = PBXBuildFile; fileRef = 6CAB3A3C189E254400F7F4EB /* boto_tornar_mapa.png */; };
		6CAB3A50189E254400F7F4EB /* pantalla_arbre.png in Resources */ = {isa = PBXBuildFile; fileRef = 6CAB3A3D189E254400F7F4EB /* pantalla_arbre.png */; };
		6CAB3A51189E254400F7F4EB /* pantalla_camp.png in Resources */ = {isa = PBXBuildFile; fileRef = 6CAB3A3E189E254400F7F4EB /* pantalla_camp.png */; };
		6CAB3A52189E254400F7F4EB /* pantalla_cistella.png in Resources */ = {isa = PBXBuildFile; fileRef = 6CAB3A3F189E254400F7F4EB /* pantalla_cistella.png */; };
		6CAB3A54189E254400F7F4EB /* pantalla_granja.png in Resources */ = {isa = PBXBuildFile; fileRef = 6CAB3A41189E254400F7F4EB /* pantalla_granja.png */; };
		6CAB3A55189E254400F7F4EB /* pantalla_pesca.png in Resources */ = {isa = PBXBuildFile; fileRef = 6CAB3A42189E254400F7F4EB /* pantalla_pesca.png */; };
		6CAB3A56189E254400F7F4EB /* pantalla_receptes_dificil.png in Resources */ = {isa = PBXBuildFile; fileRef = 6CAB3A43189E254400F7F4EB /* pantalla_receptes_dificil.png */; };
		6CAB3A57189E254400F7F4EB /* pantalla_receptes_facil.png in Resources */ = {isa = PBXBuildFile; fileRef = 6CAB3A44189E254400F7F4EB /* pantalla_receptes_facil.png */; };
		6CAB3A58189E254400F7F4EB /* pantalla_receptes_mitja.png in Resources */ = {isa = PBXBuildFile; fileRef = 6CAB3A45189E254400F7F4EB /* pantalla_receptes_mitja.png */; };
		6CAB3A5A189E25E600F7F4EB /* AudioToolbox.framework in Frameworks */ = {isa = PBXBuildFile; fileRef = 6CAB3A59189E25E500F7F4EB /* AudioToolbox.framework */; };
		6CAB3A5F189E27D400F7F4EB /* goat.mp3 in Resources */ = {isa = PBXBuildFile; fileRef = 6CAB3A5B189E27D400F7F4EB /* goat.mp3 */; };
		6CAB3A60189E27D400F7F4EB /* hen.mp3 in Resources */ = {isa = PBXBuildFile; fileRef = 6CAB3A5C189E27D400F7F4EB /* hen.mp3 */; };
		6CAB3A61189E27D400F7F4EB /* pork.mp3 in Resources */ = {isa = PBXBuildFile; fileRef = 6CAB3A5D189E27D400F7F4EB /* pork.mp3 */; };
		6CAB3A62189E27D400F7F4EB /* sheep.mp3 in Resources */ = {isa = PBXBuildFile; fileRef = 6CAB3A5E189E27D400F7F4EB /* sheep.mp3 */; };
		6CAB3A65189E38C300F7F4EB /* face.png in Resources */ = {isa = PBXBuildFile; fileRef = 6CAB3A64189E38C300F7F4EB /* face.png */; };
		6CAB3A69189E3E0400F7F4EB /* Stage2ViewController.m in Sources */ = {isa = PBXBuildFile; fileRef = 6CAB3A68189E3E0400F7F4EB /* Stage2ViewController.m */; };
		6CAB3A6C189E3E1E00F7F4EB /* Stage2DataSource.m in Sources */ = {isa = PBXBuildFile; fileRef = 6CAB3A6B189E3E1E00F7F4EB /* Stage2DataSource.m */; };
		6CAB3A71189E408300F7F4EB /* bubbles.mp3 in Resources */ = {isa = PBXBuildFile; fileRef = 6CAB3A6F189E408300F7F4EB /* bubbles.mp3 */; };
		6CAB3A72189E408300F7F4EB /* seagull.mp3 in Resources */ = {isa = PBXBuildFile; fileRef = 6CAB3A70189E408300F7F4EB /* seagull.mp3 */; };
		6CAB3A76189E44FE00F7F4EB /* pantalla_cuina_1.png in Resources */ = {isa = PBXBuildFile; fileRef = 6CAB3A73189E44FE00F7F4EB /* pantalla_cuina_1.png */; };
		6CAB3A77189E44FE00F7F4EB /* pantalla_cuina_2.png in Resources */ = {isa = PBXBuildFile; fileRef = 6CAB3A74189E44FE00F7F4EB /* pantalla_cuina_2.png */; };
		6CAB3A78189E44FE00F7F4EB /* pantalla_cuina_3.png in Resources */ = {isa = PBXBuildFile; fileRef = 6CAB3A75189E44FE00F7F4EB /* pantalla_cuina_3.png */; };
		6CAB3A7C189E4CA400F7F4EB /* Stage3ViewController.m in Sources */ = {isa = PBXBuildFile; fileRef = 6CAB3A7B189E4CA400F7F4EB /* Stage3ViewController.m */; };
		6CAB3A80189E4D2300F7F4EB /* Stage3DataSource.m in Sources */ = {isa = PBXBuildFile; fileRef = 6CAB3A7F189E4D2300F7F4EB /* Stage3DataSource.m */; };
		6CAB3A82189E4D8A00F7F4EB /* Stage2View.xib in Resources */ = {isa = PBXBuildFile; fileRef = 6CAB3A81189E4D8A00F7F4EB /* Stage2View.xib */; };
		6CAB3A84189E4D9C00F7F4EB /* Stage3View.xib in Resources */ = {isa = PBXBuildFile; fileRef = 6CAB3A83189E4D9C00F7F4EB /* Stage3View.xib */; };
		6CAB3A87189E4EBE00F7F4EB /* piramide_mitja_1.png in Resources */ = {isa = PBXBuildFile; fileRef = 6CAB3A85189E4EBE00F7F4EB /* piramide_mitja_1.png */; };
		6CAB3A88189E4EBF00F7F4EB /* piramide_mitja_2.png in Resources */ = {isa = PBXBuildFile; fileRef = 6CAB3A86189E4EBE00F7F4EB /* piramide_mitja_2.png */; };
		6CAB3A8C189E54B500F7F4EB /* StageGameViewController.m in Sources */ = {isa = PBXBuildFile; fileRef = 6CAB3A8B189E54B500F7F4EB /* StageGameViewController.m */; };
		6CAB3A8F189E553400F7F4EB /* StageGameDataSource.m in Sources */ = {isa = PBXBuildFile; fileRef = 6CAB3A8E189E553400F7F4EB /* StageGameDataSource.m */; };
		6CAB3A95189E564F00F7F4EB /* GameManager.m in Sources */ = {isa = PBXBuildFile; fileRef = 6CAB3A94189E564F00F7F4EB /* GameManager.m */; };
		6CAB3A98189E56EF00F7F4EB /* QuestionModel.m in Sources */ = {isa = PBXBuildFile; fileRef = 6CAB3A97189E56EF00F7F4EB /* QuestionModel.m */; };
		6CAB3A9C189E59EC00F7F4EB /* StageGameView.xib in Resources */ = {isa = PBXBuildFile; fileRef = 6CAB3A9B189E59EC00F7F4EB /* StageGameView.xib */; };
		6CAB3AA1189E62A000F7F4EB /* NSMutableArray_Shuffling.m in Sources */ = {isa = PBXBuildFile; fileRef = 6CAB3AA0189E62A000F7F4EB /* NSMutableArray_Shuffling.m */; };
		6CAB3AA4189E6AB600F7F4EB /* stage_sel.png in Resources */ = {isa = PBXBuildFile; fileRef = 6CAB3AA2189E6AB600F7F4EB /* stage_sel.png */; };
		6CAB3AA5189E6AB600F7F4EB /* stage1_sel.png in Resources */ = {isa = PBXBuildFile; fileRef = 6CAB3AA3189E6AB600F7F4EB /* stage1_sel.png */; };
		6CD57A37189B9918005538D1 /* Stage8View.xib in Resources */ = {isa = PBXBuildFile; fileRef = 6CD57A36189B9918005538D1 /* Stage8View.xib */; };
		6CD57A3A189B9C63005538D1 /* Notifications.m in Sources */ = {isa = PBXBuildFile; fileRef = 6CD57A39189B9C63005538D1 /* Notifications.m */; };
		6CD57A3D189BA29C005538D1 /* StageManager.m in Sources */ = {isa = PBXBuildFile; fileRef = 6CD57A3C189BA29C005538D1 /* StageManager.m */; };
		6CD57A4B189BA2DA005538D1 /* MapViewController.m in Sources */ = {isa = PBXBuildFile; fileRef = 6CD57A41189BA2DA005538D1 /* MapViewController.m */; };
		6CD57A4C189BA2DA005538D1 /* Stage8ViewController.m in Sources */ = {isa = PBXBuildFile; fileRef = 6CD57A44189BA2DA005538D1 /* Stage8ViewController.m */; };
		6CD57A4D189BA2DA005538D1 /* StageViewController.m in Sources */ = {isa = PBXBuildFile; fileRef = 6CD57A46189BA2DA005538D1 /* StageViewController.m */; };
		6CD57A4E189BA2DA005538D1 /* Stage8DataSource.m in Sources */ = {isa = PBXBuildFile; fileRef = 6CD57A49189BA2DA005538D1 /* Stage8DataSource.m */; };
		6CD57A51189BA39B005538D1 /* Constants.m in Sources */ = {isa = PBXBuildFile; fileRef = 6CD57A50189BA39B005538D1 /* Constants.m */; };
		6CD57A55189BA472005538D1 /* LevelManager.m in Sources */ = {isa = PBXBuildFile; fileRef = 6CD57A54189BA472005538D1 /* LevelManager.m */; };
		6CD57A57189BA699005538D1 /* LevelSelectorView.xib in Resources */ = {isa = PBXBuildFile; fileRef = 6CD57A56189BA699005538D1 /* LevelSelectorView.xib */; };
		6CD57A5A189BA7C8005538D1 /* LevelSelectorViewController.m in Sources */ = {isa = PBXBuildFile; fileRef = 6CD57A59189BA7C8005538D1 /* LevelSelectorViewController.m */; };
		6CDCDD7E1897EEB6002EBDED /* Foundation.framework in Frameworks */ = {isa = PBXBuildFile; fileRef = 6CDCDD7D1897EEB6002EBDED /* Foundation.framework */; };
		6CDCDD801897EEB6002EBDED /* CoreGraphics.framework in Frameworks */ = {isa = PBXBuildFile; fileRef = 6CDCDD7F1897EEB6002EBDED /* CoreGraphics.framework */; };
		6CDCDD821897EEB6002EBDED /* UIKit.framework in Frameworks */ = {isa = PBXBuildFile; fileRef = 6CDCDD811897EEB6002EBDED /* UIKit.framework */; };
		6CDCDD971897EEB8002EBDED /* XCTest.framework in Frameworks */ = {isa = PBXBuildFile; fileRef = 6CDCDD961897EEB8002EBDED /* XCTest.framework */; };
		6CDCDD981897EEB8002EBDED /* Foundation.framework in Frameworks */ = {isa = PBXBuildFile; fileRef = 6CDCDD7D1897EEB6002EBDED /* Foundation.framework */; };
		6CDCDD991897EEB8002EBDED /* UIKit.framework in Frameworks */ = {isa = PBXBuildFile; fileRef = 6CDCDD811897EEB6002EBDED /* UIKit.framework */; };
		6CDCDDA11897EEB8002EBDED /* InfoPlist.strings in Resources */ = {isa = PBXBuildFile; fileRef = 6CDCDD9F1897EEB8002EBDED /* InfoPlist.strings */; };
		6CDCDDA31897EEB8002EBDED /* AppMediterraniaTests.m in Sources */ = {isa = PBXBuildFile; fileRef = 6CDCDDA21897EEB8002EBDED /* AppMediterraniaTests.m */; };
		6CDCDDBE1897F07A002EBDED /* AppDelegate.m in Sources */ = {isa = PBXBuildFile; fileRef = 6CDCDDB11897F07A002EBDED /* AppDelegate.m */; };
		6CDCDDBF1897F07A002EBDED /* AppMediterrania-Info.plist in Resources */ = {isa = PBXBuildFile; fileRef = 6CDCDDB21897F07A002EBDED /* AppMediterrania-Info.plist */; };
		6CDCDDC01897F07A002EBDED /* main.m in Sources */ = {isa = PBXBuildFile; fileRef = 6CDCDDB41897F07A002EBDED /* main.m */; };
		6CDCDDC21897F07A002EBDED /* Images.xcassets in Resources */ = {isa = PBXBuildFile; fileRef = 6CDCDDBC1897F07A002EBDED /* Images.xcassets */; };
		6CDCDDCC1897F236002EBDED /* MapView.xib in Resources */ = {isa = PBXBuildFile; fileRef = 6CDCDDCA1897F236002EBDED /* MapView.xib */; };
		6CFD1BC9189A122400CB7B15 /* StageView.xib in Resources */ = {isa = PBXBuildFile; fileRef = 6CFD1BC8189A122400CB7B15 /* StageView.xib */; };
/* End PBXBuildFile section */

/* Begin PBXContainerItemProxy section */
		6CDCDD9A1897EEB8002EBDED /* PBXContainerItemProxy */ = {
			isa = PBXContainerItemProxy;
			containerPortal = 6CDCDD721897EEB5002EBDED /* Project object */;
			proxyType = 1;
			remoteGlobalIDString = 6CDCDD791897EEB6002EBDED;
			remoteInfo = AppMediterrania;
		};
/* End PBXContainerItemProxy section */

/* Begin PBXFileReference section */
		6C2A83FB189BD2E8002EEA2C /* Stage1TreeViewController.h */ = {isa = PBXFileReference; fileEncoding = 4; lastKnownFileType = sourcecode.c.h; path = Stage1TreeViewController.h; sourceTree = "<group>"; };
		6C2A83FC189BD2E8002EEA2C /* Stage1TreeViewController.m */ = {isa = PBXFileReference; fileEncoding = 4; lastKnownFileType = sourcecode.c.objc; path = Stage1TreeViewController.m; sourceTree = "<group>"; };
		6C2A83FE189BD2FD002EEA2C /* Stage1BasketViewController.h */ = {isa = PBXFileReference; fileEncoding = 4; lastKnownFileType = sourcecode.c.h; path = Stage1BasketViewController.h; sourceTree = "<group>"; };
		6C2A83FF189BD2FD002EEA2C /* Stage1BasketViewController.m */ = {isa = PBXFileReference; fileEncoding = 4; lastKnownFileType = sourcecode.c.objc; path = Stage1BasketViewController.m; sourceTree = "<group>"; };
		6C2A8401189BD30F002EEA2C /* Stage1FieldViewController.h */ = {isa = PBXFileReference; fileEncoding = 4; lastKnownFileType = sourcecode.c.h; path = Stage1FieldViewController.h; sourceTree = "<group>"; };
		6C2A8402189BD30F002EEA2C /* Stage1FieldViewController.m */ = {isa = PBXFileReference; fileEncoding = 4; lastKnownFileType = sourcecode.c.objc; path = Stage1FieldViewController.m; sourceTree = "<group>"; };
		6C2A8404189BD31E002EEA2C /* Stage1FarmViewController.h */ = {isa = PBXFileReference; fileEncoding = 4; lastKnownFileType = sourcecode.c.h; path = Stage1FarmViewController.h; sourceTree = "<group>"; };
		6C2A8405189BD31E002EEA2C /* Stage1FarmViewController.m */ = {isa = PBXFileReference; fileEncoding = 4; lastKnownFileType = sourcecode.c.objc; path = Stage1FarmViewController.m; sourceTree = "<group>"; };
		6C2A8407189BD32A002EEA2C /* Stage1FishingViewController.h */ = {isa = PBXFileReference; fileEncoding = 4; lastKnownFileType = sourcecode.c.h; path = Stage1FishingViewController.h; sourceTree = "<group>"; };
		6C2A8408189BD32A002EEA2C /* Stage1FishingViewController.m */ = {isa = PBXFileReference; fileEncoding = 4; lastKnownFileType = sourcecode.c.objc; path = Stage1FishingViewController.m; sourceTree = "<group>"; };
		6C2A840C189BD387002EEA2C /* Stage1DataSource.h */ = {isa = PBXFileReference; fileEncoding = 4; lastKnownFileType = sourcecode.c.h; path = Stage1DataSource.h; sourceTree = "<group>"; };
		6C2A840D189BD387002EEA2C /* Stage1DataSource.m */ = {isa = PBXFileReference; fileEncoding = 4; lastKnownFileType = sourcecode.c.objc; path = Stage1DataSource.m; sourceTree = "<group>"; };
		6C2A840F189BD67A002EEA2C /* Stage1TreeView.xib */ = {isa = PBXFileReference; fileEncoding = 4; lastKnownFileType = file.xib; name = Stage1TreeView.xib; path = Stages/Stage1TreeView.xib; sourceTree = "<group>"; };
		6C2A8410189BD67A002EEA2C /* Stage1BasketView.xib */ = {isa = PBXFileReference; fileEncoding = 4; lastKnownFileType = file.xib; name = Stage1BasketView.xib; path = Stages/Stage1BasketView.xib; sourceTree = "<group>"; };
		6C2A8411189BD67A002EEA2C /* Stage1FieldView.xib */ = {isa = PBXFileReference; fileEncoding = 4; lastKnownFileType = file.xib; name = Stage1FieldView.xib; path = Stages/Stage1FieldView.xib; sourceTree = "<group>"; };
		6C2A8412189BD67A002EEA2C /* Stage1FarmView.xib */ = {isa = PBXFileReference; fileEncoding = 4; lastKnownFileType = file.xib; name = Stage1FarmView.xib; path = Stages/Stage1FarmView.xib; sourceTree = "<group>"; };
		6C2A8413189BD67A002EEA2C /* Stage1FishingView.xib */ = {isa = PBXFileReference; fileEncoding = 4; lastKnownFileType = file.xib; name = Stage1FishingView.xib; path = Stages/Stage1FishingView.xib; sourceTree = "<group>"; };
		6CAB3A31189E254400F7F4EB /* cow.mp3 */ = {isa = PBXFileReference; lastKnownFileType = audio.mp3; path = cow.mp3; sourceTree = "<group>"; };
		6CAB3A33189E254400F7F4EB /* lock.png */ = {isa = PBXFileReference; lastKnownFileType = image.png; path = lock.png; sourceTree = "<group>"; };
		6CAB3A34189E254400F7F4EB /* pantalla_joc.png */ = {isa = PBXFileReference; lastKnownFileType = image.png; path = pantalla_joc.png; sourceTree = "<group>"; };
		6CAB3A35189E254400F7F4EB /* pantalla_mapa.png */ = {isa = PBXFileReference; lastKnownFileType = image.png; path = pantalla_mapa.png; sourceTree = "<group>"; };
		6CAB3A36189E254400F7F4EB /* stage.png */ = {isa = PBXFileReference; lastKnownFileType = image.png; path = stage.png; sourceTree = "<group>"; };
		6CAB3A37189E254400F7F4EB /* stage1.png */ = {isa = PBXFileReference; lastKnownFileType = image.png; path = stage1.png; sourceTree = "<group>"; };
		6CAB3A39189E254400F7F4EB /* boto_about.png */ = {isa = PBXFileReference; lastKnownFileType = image.png; path = boto_about.png; sourceTree = "<group>"; };
		6CAB3A3A189E254400F7F4EB /* boto_informacio.png */ = {isa = PBXFileReference; lastKnownFileType = image.png; path = boto_informacio.png; sourceTree = "<group>"; };
		6CAB3A3B189E254400F7F4EB /* boto_nivell.png */ = {isa = PBXFileReference; lastKnownFileType = image.png; path = boto_nivell.png; sourceTree = "<group>"; };
		6CAB3A3C189E254400F7F4EB /* boto_tornar_mapa.png */ = {isa = PBXFileReference; lastKnownFileType = image.png; path = boto_tornar_mapa.png; sourceTree = "<group>"; };
		6CAB3A3D189E254400F7F4EB /* pantalla_arbre.png */ = {isa = PBXFileReference; lastKnownFileType = image.png; path = pantalla_arbre.png; sourceTree = "<group>"; };
		6CAB3A3E189E254400F7F4EB /* pantalla_camp.png */ = {isa = PBXFileReference; lastKnownFileType = image.png; path = pantalla_camp.png; sourceTree = "<group>"; };
		6CAB3A3F189E254400F7F4EB /* pantalla_cistella.png */ = {isa = PBXFileReference; lastKnownFileType = image.png; path = pantalla_cistella.png; sourceTree = "<group>"; };
		6CAB3A41189E254400F7F4EB /* pantalla_granja.png */ = {isa = PBXFileReference; lastKnownFileType = image.png; path = pantalla_granja.png; sourceTree = "<group>"; };
		6CAB3A42189E254400F7F4EB /* pantalla_pesca.png */ = {isa = PBXFileReference; lastKnownFileType = image.png; path = pantalla_pesca.png; sourceTree = "<group>"; };
		6CAB3A43189E254400F7F4EB /* pantalla_receptes_dificil.png */ = {isa = PBXFileReference; lastKnownFileType = image.png; path = pantalla_receptes_dificil.png; sourceTree = "<group>"; };
		6CAB3A44189E254400F7F4EB /* pantalla_receptes_facil.png */ = {isa = PBXFileReference; lastKnownFileType = image.png; path = pantalla_receptes_facil.png; sourceTree = "<group>"; };
		6CAB3A45189E254400F7F4EB /* pantalla_receptes_mitja.png */ = {isa = PBXFileReference; lastKnownFileType = image.png; path = pantalla_receptes_mitja.png; sourceTree = "<group>"; };
		6CAB3A59189E25E500F7F4EB /* AudioToolbox.framework */ = {isa = PBXFileReference; lastKnownFileType = wrapper.framework; name = AudioToolbox.framework; path = System/Library/Frameworks/AudioToolbox.framework; sourceTree = SDKROOT; };
		6CAB3A5B189E27D400F7F4EB /* goat.mp3 */ = {isa = PBXFileReference; lastKnownFileType = audio.mp3; path = goat.mp3; sourceTree = "<group>"; };
		6CAB3A5C189E27D400F7F4EB /* hen.mp3 */ = {isa = PBXFileReference; lastKnownFileType = audio.mp3; path = hen.mp3; sourceTree = "<group>"; };
		6CAB3A5D189E27D400F7F4EB /* pork.mp3 */ = {isa = PBXFileReference; lastKnownFileType = audio.mp3; path = pork.mp3; sourceTree = "<group>"; };
		6CAB3A5E189E27D400F7F4EB /* sheep.mp3 */ = {isa = PBXFileReference; lastKnownFileType = audio.mp3; path = sheep.mp3; sourceTree = "<group>"; };
		6CAB3A64189E38C300F7F4EB /* face.png */ = {isa = PBXFileReference; lastKnownFileType = image.png; path = face.png; sourceTree = "<group>"; };
		6CAB3A67189E3E0400F7F4EB /* Stage2ViewController.h */ = {isa = PBXFileReference; fileEncoding = 4; lastKnownFileType = sourcecode.c.h; path = Stage2ViewController.h; sourceTree = "<group>"; };
		6CAB3A68189E3E0400F7F4EB /* Stage2ViewController.m */ = {isa = PBXFileReference; fileEncoding = 4; lastKnownFileType = sourcecode.c.objc; path = Stage2ViewController.m; sourceTree = "<group>"; };
		6CAB3A6A189E3E1E00F7F4EB /* Stage2DataSource.h */ = {isa = PBXFileReference; fileEncoding = 4; lastKnownFileType = sourcecode.c.h; path = Stage2DataSource.h; sourceTree = "<group>"; };
		6CAB3A6B189E3E1E00F7F4EB /* Stage2DataSource.m */ = {isa = PBXFileReference; fileEncoding = 4; lastKnownFileType = sourcecode.c.objc; path = Stage2DataSource.m; sourceTree = "<group>"; };
		6CAB3A6F189E408300F7F4EB /* bubbles.mp3 */ = {isa = PBXFileReference; lastKnownFileType = audio.mp3; path = bubbles.mp3; sourceTree = "<group>"; };
		6CAB3A70189E408300F7F4EB /* seagull.mp3 */ = {isa = PBXFileReference; lastKnownFileType = audio.mp3; path = seagull.mp3; sourceTree = "<group>"; };
		6CAB3A73189E44FE00F7F4EB /* pantalla_cuina_1.png */ = {isa = PBXFileReference; lastKnownFileType = image.png; path = pantalla_cuina_1.png; sourceTree = "<group>"; };
		6CAB3A74189E44FE00F7F4EB /* pantalla_cuina_2.png */ = {isa = PBXFileReference; lastKnownFileType = image.png; path = pantalla_cuina_2.png; sourceTree = "<group>"; };
		6CAB3A75189E44FE00F7F4EB /* pantalla_cuina_3.png */ = {isa = PBXFileReference; lastKnownFileType = image.png; path = pantalla_cuina_3.png; sourceTree = "<group>"; };
		6CAB3A7A189E4CA400F7F4EB /* Stage3ViewController.h */ = {isa = PBXFileReference; fileEncoding = 4; lastKnownFileType = sourcecode.c.h; path = Stage3ViewController.h; sourceTree = "<group>"; };
		6CAB3A7B189E4CA400F7F4EB /* Stage3ViewController.m */ = {isa = PBXFileReference; fileEncoding = 4; lastKnownFileType = sourcecode.c.objc; path = Stage3ViewController.m; sourceTree = "<group>"; };
		6CAB3A7E189E4D2300F7F4EB /* Stage3DataSource.h */ = {isa = PBXFileReference; fileEncoding = 4; lastKnownFileType = sourcecode.c.h; path = Stage3DataSource.h; sourceTree = "<group>"; };
		6CAB3A7F189E4D2300F7F4EB /* Stage3DataSource.m */ = {isa = PBXFileReference; fileEncoding = 4; lastKnownFileType = sourcecode.c.objc; path = Stage3DataSource.m; sourceTree = "<group>"; };
		6CAB3A81189E4D8A00F7F4EB /* Stage2View.xib */ = {isa = PBXFileReference; fileEncoding = 4; lastKnownFileType = file.xib; name = Stage2View.xib; path = Stages/Stage2View.xib; sourceTree = "<group>"; };
		6CAB3A83189E4D9C00F7F4EB /* Stage3View.xib */ = {isa = PBXFileReference; fileEncoding = 4; lastKnownFileType = file.xib; name = Stage3View.xib; path = Stages/Stage3View.xib; sourceTree = "<group>"; };
		6CAB3A85189E4EBE00F7F4EB /* piramide_mitja_1.png */ = {isa = PBXFileReference; lastKnownFileType = image.png; path = piramide_mitja_1.png; sourceTree = "<group>"; };
		6CAB3A86189E4EBE00F7F4EB /* piramide_mitja_2.png */ = {isa = PBXFileReference; lastKnownFileType = image.png; path = piramide_mitja_2.png; sourceTree = "<group>"; };
		6CAB3A8A189E54B500F7F4EB /* StageGameViewController.h */ = {isa = PBXFileReference; fileEncoding = 4; lastKnownFileType = sourcecode.c.h; path = StageGameViewController.h; sourceTree = "<group>"; };
		6CAB3A8B189E54B500F7F4EB /* StageGameViewController.m */ = {isa = PBXFileReference; fileEncoding = 4; lastKnownFileType = sourcecode.c.objc; path = StageGameViewController.m; sourceTree = "<group>"; };
		6CAB3A8D189E553400F7F4EB /* StageGameDataSource.h */ = {isa = PBXFileReference; fileEncoding = 4; lastKnownFileType = sourcecode.c.h; path = StageGameDataSource.h; sourceTree = "<group>"; };
		6CAB3A8E189E553400F7F4EB /* StageGameDataSource.m */ = {isa = PBXFileReference; fileEncoding = 4; lastKnownFileType = sourcecode.c.objc; path = StageGameDataSource.m; sourceTree = "<group>"; };
		6CAB3A93189E564F00F7F4EB /* GameManager.h */ = {isa = PBXFileReference; fileEncoding = 4; lastKnownFileType = sourcecode.c.h; name = GameManager.h; path = Managers/GameManager.h; sourceTree = "<group>"; };
		6CAB3A94189E564F00F7F4EB /* GameManager.m */ = {isa = PBXFileReference; fileEncoding = 4; lastKnownFileType = sourcecode.c.objc; name = GameManager.m; path = Managers/GameManager.m; sourceTree = "<group>"; };
		6CAB3A96189E56EF00F7F4EB /* QuestionModel.h */ = {isa = PBXFileReference; fileEncoding = 4; lastKnownFileType = sourcecode.c.h; path = QuestionModel.h; sourceTree = "<group>"; };
		6CAB3A97189E56EF00F7F4EB /* QuestionModel.m */ = {isa = PBXFileReference; fileEncoding = 4; lastKnownFileType = sourcecode.c.objc; path = QuestionModel.m; sourceTree = "<group>"; };
		6CAB3A9B189E59EC00F7F4EB /* StageGameView.xib */ = {isa = PBXFileReference; fileEncoding = 4; lastKnownFileType = file.xib; name = StageGameView.xib; path = Stages/StageGameView.xib; sourceTree = "<group>"; };
		6CAB3A9D189E5CF800F7F4EB /* pantalla_joc_coordenades.png */ = {isa = PBXFileReference; lastKnownFileType = image.png; path = pantalla_joc_coordenades.png; sourceTree = "<group>"; };
		6CAB3A9F189E62A000F7F4EB /* NSMutableArray_Shuffling.h */ = {isa = PBXFileReference; fileEncoding = 4; lastKnownFileType = sourcecode.c.h; name = NSMutableArray_Shuffling.h; path = Helpers/NSMutableArray_Shuffling.h; sourceTree = "<group>"; };
		6CAB3AA0189E62A000F7F4EB /* NSMutableArray_Shuffling.m */ = {isa = PBXFileReference; fileEncoding = 4; lastKnownFileType = sourcecode.c.objc; name = NSMutableArray_Shuffling.m; path = Helpers/NSMutableArray_Shuffling.m; sourceTree = "<group>"; };
		6CAB3AA2189E6AB600F7F4EB /* stage_sel.png */ = {isa = PBXFileReference; lastKnownFileType = image.png; name = stage_sel.png; path = AppMediterrania/Support/Resources/Images/stage_sel.png; sourceTree = SOURCE_ROOT; };
		6CAB3AA3189E6AB600F7F4EB /* stage1_sel.png */ = {isa = PBXFileReference; lastKnownFileType = image.png; name = stage1_sel.png; path = AppMediterrania/Support/Resources/Images/stage1_sel.png; sourceTree = SOURCE_ROOT; };
		6CD57A36189B9918005538D1 /* Stage8View.xib */ = {isa = PBXFileReference; fileEncoding = 4; lastKnownFileType = file.xib; name = Stage8View.xib; path = Stages/Stage8View.xib; sourceTree = "<group>"; };
		6CD57A38189B9C63005538D1 /* Notifications.h */ = {isa = PBXFileReference; fileEncoding = 4; lastKnownFileType = sourcecode.c.h; path = Notifications.h; sourceTree = "<group>"; };
		6CD57A39189B9C63005538D1 /* Notifications.m */ = {isa = PBXFileReference; fileEncoding = 4; lastKnownFileType = sourcecode.c.objc; path = Notifications.m; sourceTree = "<group>"; };
		6CD57A3B189BA29C005538D1 /* StageManager.h */ = {isa = PBXFileReference; fileEncoding = 4; lastKnownFileType = sourcecode.c.h; name = StageManager.h; path = Managers/StageManager.h; sourceTree = "<group>"; };
		6CD57A3C189BA29C005538D1 /* StageManager.m */ = {isa = PBXFileReference; fileEncoding = 4; lastKnownFileType = sourcecode.c.objc; name = StageManager.m; path = Managers/StageManager.m; sourceTree = "<group>"; };
		6CD57A40189BA2DA005538D1 /* MapViewController.h */ = {isa = PBXFileReference; fileEncoding = 4; lastKnownFileType = sourcecode.c.h; path = MapViewController.h; sourceTree = "<group>"; };
		6CD57A41189BA2DA005538D1 /* MapViewController.m */ = {isa = PBXFileReference; fileEncoding = 4; lastKnownFileType = sourcecode.c.objc; path = MapViewController.m; sourceTree = "<group>"; };
		6CD57A43189BA2DA005538D1 /* Stage8ViewController.h */ = {isa = PBXFileReference; fileEncoding = 4; lastKnownFileType = sourcecode.c.h; path = Stage8ViewController.h; sourceTree = "<group>"; };
		6CD57A44189BA2DA005538D1 /* Stage8ViewController.m */ = {isa = PBXFileReference; fileEncoding = 4; lastKnownFileType = sourcecode.c.objc; path = Stage8ViewController.m; sourceTree = "<group>"; };
		6CD57A45189BA2DA005538D1 /* StageViewController.h */ = {isa = PBXFileReference; fileEncoding = 4; lastKnownFileType = sourcecode.c.h; path = StageViewController.h; sourceTree = "<group>"; };
		6CD57A46189BA2DA005538D1 /* StageViewController.m */ = {isa = PBXFileReference; fileEncoding = 4; lastKnownFileType = sourcecode.c.objc; path = StageViewController.m; sourceTree = "<group>"; };
		6CD57A48189BA2DA005538D1 /* Stage8DataSource.h */ = {isa = PBXFileReference; fileEncoding = 4; lastKnownFileType = sourcecode.c.h; path = Stage8DataSource.h; sourceTree = "<group>"; };
		6CD57A49189BA2DA005538D1 /* Stage8DataSource.m */ = {isa = PBXFileReference; fileEncoding = 4; lastKnownFileType = sourcecode.c.objc; path = Stage8DataSource.m; sourceTree = "<group>"; };
		6CD57A4A189BA2DA005538D1 /* StageDataSource.h */ = {isa = PBXFileReference; fileEncoding = 4; lastKnownFileType = sourcecode.c.h; path = StageDataSource.h; sourceTree = "<group>"; };
		6CD57A4F189BA39B005538D1 /* Constants.h */ = {isa = PBXFileReference; fileEncoding = 4; lastKnownFileType = sourcecode.c.h; path = Constants.h; sourceTree = "<group>"; };
		6CD57A50189BA39B005538D1 /* Constants.m */ = {isa = PBXFileReference; fileEncoding = 4; lastKnownFileType = sourcecode.c.objc; path = Constants.m; sourceTree = "<group>"; };
		6CD57A53189BA472005538D1 /* LevelManager.h */ = {isa = PBXFileReference; fileEncoding = 4; lastKnownFileType = sourcecode.c.h; name = LevelManager.h; path = Managers/LevelManager.h; sourceTree = "<group>"; };
		6CD57A54189BA472005538D1 /* LevelManager.m */ = {isa = PBXFileReference; fileEncoding = 4; lastKnownFileType = sourcecode.c.objc; name = LevelManager.m; path = Managers/LevelManager.m; sourceTree = "<group>"; };
		6CD57A56189BA699005538D1 /* LevelSelectorView.xib */ = {isa = PBXFileReference; fileEncoding = 4; lastKnownFileType = file.xib; path = LevelSelectorView.xib; sourceTree = "<group>"; };
		6CD57A58189BA7C8005538D1 /* LevelSelectorViewController.h */ = {isa = PBXFileReference; fileEncoding = 4; lastKnownFileType = sourcecode.c.h; path = LevelSelectorViewController.h; sourceTree = "<group>"; };
		6CD57A59189BA7C8005538D1 /* LevelSelectorViewController.m */ = {isa = PBXFileReference; fileEncoding = 4; lastKnownFileType = sourcecode.c.objc; path = LevelSelectorViewController.m; sourceTree = "<group>"; };
		6CDCDD7A1897EEB6002EBDED /* AppMediterrania.app */ = {isa = PBXFileReference; explicitFileType = wrapper.application; includeInIndex = 0; path = AppMediterrania.app; sourceTree = BUILT_PRODUCTS_DIR; };
		6CDCDD7D1897EEB6002EBDED /* Foundation.framework */ = {isa = PBXFileReference; lastKnownFileType = wrapper.framework; name = Foundation.framework; path = System/Library/Frameworks/Foundation.framework; sourceTree = SDKROOT; };
		6CDCDD7F1897EEB6002EBDED /* CoreGraphics.framework */ = {isa = PBXFileReference; lastKnownFileType = wrapper.framework; name = CoreGraphics.framework; path = System/Library/Frameworks/CoreGraphics.framework; sourceTree = SDKROOT; };
		6CDCDD811897EEB6002EBDED /* UIKit.framework */ = {isa = PBXFileReference; lastKnownFileType = wrapper.framework; name = UIKit.framework; path = System/Library/Frameworks/UIKit.framework; sourceTree = SDKROOT; };
		6CDCDD951897EEB8002EBDED /* AppMediterraniaTests.xctest */ = {isa = PBXFileReference; explicitFileType = wrapper.cfbundle; includeInIndex = 0; path = AppMediterraniaTests.xctest; sourceTree = BUILT_PRODUCTS_DIR; };
		6CDCDD961897EEB8002EBDED /* XCTest.framework */ = {isa = PBXFileReference; lastKnownFileType = wrapper.framework; name = XCTest.framework; path = Library/Frameworks/XCTest.framework; sourceTree = DEVELOPER_DIR; };
		6CDCDD9E1897EEB8002EBDED /* AppMediterraniaTests-Info.plist */ = {isa = PBXFileReference; lastKnownFileType = text.plist.xml; path = "AppMediterraniaTests-Info.plist"; sourceTree = "<group>"; };
		6CDCDDA01897EEB8002EBDED /* en */ = {isa = PBXFileReference; lastKnownFileType = text.plist.strings; name = en; path = en.lproj/InfoPlist.strings; sourceTree = "<group>"; };
		6CDCDDA21897EEB8002EBDED /* AppMediterraniaTests.m */ = {isa = PBXFileReference; lastKnownFileType = sourcecode.c.objc; path = AppMediterraniaTests.m; sourceTree = "<group>"; };
		6CDCDDB01897F07A002EBDED /* AppDelegate.h */ = {isa = PBXFileReference; fileEncoding = 4; lastKnownFileType = sourcecode.c.h; path = AppDelegate.h; sourceTree = "<group>"; };
		6CDCDDB11897F07A002EBDED /* AppDelegate.m */ = {isa = PBXFileReference; fileEncoding = 4; lastKnownFileType = sourcecode.c.objc; path = AppDelegate.m; sourceTree = "<group>"; };
		6CDCDDB21897F07A002EBDED /* AppMediterrania-Info.plist */ = {isa = PBXFileReference; fileEncoding = 4; lastKnownFileType = text.plist.xml; path = "AppMediterrania-Info.plist"; sourceTree = "<group>"; };
		6CDCDDB31897F07A002EBDED /* AppMediterrania-Prefix.pch */ = {isa = PBXFileReference; fileEncoding = 4; lastKnownFileType = sourcecode.c.h; path = "AppMediterrania-Prefix.pch"; sourceTree = "<group>"; };
		6CDCDDB41897F07A002EBDED /* main.m */ = {isa = PBXFileReference; fileEncoding = 4; lastKnownFileType = sourcecode.c.objc; path = main.m; sourceTree = "<group>"; };
		6CDCDDBC1897F07A002EBDED /* Images.xcassets */ = {isa = PBXFileReference; lastKnownFileType = folder.assetcatalog; path = Images.xcassets; sourceTree = "<group>"; };
		6CDCDDCA1897F236002EBDED /* MapView.xib */ = {isa = PBXFileReference; fileEncoding = 4; lastKnownFileType = file.xib; path = MapView.xib; sourceTree = "<group>"; };
		6CFD1BC8189A122400CB7B15 /* StageView.xib */ = {isa = PBXFileReference; fileEncoding = 4; lastKnownFileType = file.xib; name = StageView.xib; path = Stages/StageView.xib; sourceTree = "<group>"; };
/* End PBXFileReference section */

/* Begin PBXFrameworksBuildPhase section */
		6CDCDD771897EEB6002EBDED /* Frameworks */ = {
			isa = PBXFrameworksBuildPhase;
			buildActionMask = 2147483647;
			files = (
				6CAB3A5A189E25E600F7F4EB /* AudioToolbox.framework in Frameworks */,
				6CDCDD801897EEB6002EBDED /* CoreGraphics.framework in Frameworks */,
				6CDCDD821897EEB6002EBDED /* UIKit.framework in Frameworks */,
				6CDCDD7E1897EEB6002EBDED /* Foundation.framework in Frameworks */,
			);
			runOnlyForDeploymentPostprocessing = 0;
		};
		6CDCDD921897EEB8002EBDED /* Frameworks */ = {
			isa = PBXFrameworksBuildPhase;
			buildActionMask = 2147483647;
			files = (
				6CDCDD971897EEB8002EBDED /* XCTest.framework in Frameworks */,
				6CDCDD991897EEB8002EBDED /* UIKit.framework in Frameworks */,
				6CDCDD981897EEB8002EBDED /* Foundation.framework in Frameworks */,
			);
			runOnlyForDeploymentPostprocessing = 0;
		};
/* End PBXFrameworksBuildPhase section */

/* Begin PBXGroup section */
		6C2A840A189BD351002EEA2C /* Stage1 */ = {
			isa = PBXGroup;
			children = (
				6C2A83FB189BD2E8002EEA2C /* Stage1TreeViewController.h */,
				6C2A83FC189BD2E8002EEA2C /* Stage1TreeViewController.m */,
				6C2A83FE189BD2FD002EEA2C /* Stage1BasketViewController.h */,
				6C2A83FF189BD2FD002EEA2C /* Stage1BasketViewController.m */,
				6C2A8401189BD30F002EEA2C /* Stage1FieldViewController.h */,
				6C2A8402189BD30F002EEA2C /* Stage1FieldViewController.m */,
				6C2A8404189BD31E002EEA2C /* Stage1FarmViewController.h */,
				6C2A8405189BD31E002EEA2C /* Stage1FarmViewController.m */,
				6C2A8407189BD32A002EEA2C /* Stage1FishingViewController.h */,
				6C2A8408189BD32A002EEA2C /* Stage1FishingViewController.m */,
			);
			name = Stage1;
			sourceTree = "<group>";
		};
		6C2A840B189BD358002EEA2C /* Stage8 */ = {
			isa = PBXGroup;
			children = (
				6CD57A43189BA2DA005538D1 /* Stage8ViewController.h */,
				6CD57A44189BA2DA005538D1 /* Stage8ViewController.m */,
			);
			name = Stage8;
			sourceTree = "<group>";
		};
		6CAB3A2F189E254400F7F4EB /* Resources */ = {
			isa = PBXGroup;
			children = (
				6CAB3A30189E254400F7F4EB /* Audio */,
				6CAB3A32189E254400F7F4EB /* Images */,
			);
			path = Resources;
			sourceTree = "<group>";
		};
		6CAB3A30189E254400F7F4EB /* Audio */ = {
			isa = PBXGroup;
			children = (
				6CAB3A31189E254400F7F4EB /* cow.mp3 */,
				6CAB3A5B189E27D400F7F4EB /* goat.mp3 */,
				6CAB3A5C189E27D400F7F4EB /* hen.mp3 */,
				6CAB3A5D189E27D400F7F4EB /* pork.mp3 */,
				6CAB3A5E189E27D400F7F4EB /* sheep.mp3 */,
				6CAB3A6F189E408300F7F4EB /* bubbles.mp3 */,
				6CAB3A70189E408300F7F4EB /* seagull.mp3 */,
			);
			path = Audio;
			sourceTree = "<group>";
		};
		6CAB3A32189E254400F7F4EB /* Images */ = {
			isa = PBXGroup;
			children = (
				6CAB3A33189E254400F7F4EB /* lock.png */,
				6CAB3A34189E254400F7F4EB /* pantalla_joc.png */,
				6CAB3A9D189E5CF800F7F4EB /* pantalla_joc_coordenades.png */,
				6CAB3A35189E254400F7F4EB /* pantalla_mapa.png */,
				6CAB3A36189E254400F7F4EB /* stage.png */,
				6CAB3A37189E254400F7F4EB /* stage1.png */,
				6CAB3A38189E254400F7F4EB /* temp */,
			);
			path = Images;
			sourceTree = "<group>";
		};
		6CAB3A38189E254400F7F4EB /* temp */ = {
			isa = PBXGroup;
			children = (
				6CAB3AA2189E6AB600F7F4EB /* stage_sel.png */,
				6CAB3AA3189E6AB600F7F4EB /* stage1_sel.png */,
				6CAB3A64189E38C300F7F4EB /* face.png */,
				6CAB3A39189E254400F7F4EB /* boto_about.png */,
				6CAB3A3A189E254400F7F4EB /* boto_informacio.png */,
				6CAB3A3B189E254400F7F4EB /* boto_nivell.png */,
				6CAB3A3C189E254400F7F4EB /* boto_tornar_mapa.png */,
				6CAB3A3D189E254400F7F4EB /* pantalla_arbre.png */,
				6CAB3A3E189E254400F7F4EB /* pantalla_camp.png */,
				6CAB3A3F189E254400F7F4EB /* pantalla_cistella.png */,
				6CAB3A73189E44FE00F7F4EB /* pantalla_cuina_1.png */,
				6CAB3A74189E44FE00F7F4EB /* pantalla_cuina_2.png */,
				6CAB3A75189E44FE00F7F4EB /* pantalla_cuina_3.png */,
				6CAB3A41189E254400F7F4EB /* pantalla_granja.png */,
				6CAB3A42189E254400F7F4EB /* pantalla_pesca.png */,
				6CAB3A85189E4EBE00F7F4EB /* piramide_mitja_1.png */,
				6CAB3A86189E4EBE00F7F4EB /* piramide_mitja_2.png */,
				6CAB3A43189E254400F7F4EB /* pantalla_receptes_dificil.png */,
				6CAB3A44189E254400F7F4EB /* pantalla_receptes_facil.png */,
				6CAB3A45189E254400F7F4EB /* pantalla_receptes_mitja.png */,
			);
			path = temp;
			sourceTree = "<group>";
		};
		6CAB3A63189E36E300F7F4EB /* Stage2 */ = {
			isa = PBXGroup;
			children = (
				6CAB3A67189E3E0400F7F4EB /* Stage2ViewController.h */,
				6CAB3A68189E3E0400F7F4EB /* Stage2ViewController.m */,
			);
			name = Stage2;
			sourceTree = "<group>";
		};
		6CAB3A79189E4C8700F7F4EB /* Stage3 */ = {
			isa = PBXGroup;
			children = (
				6CAB3A7A189E4CA400F7F4EB /* Stage3ViewController.h */,
				6CAB3A7B189E4CA400F7F4EB /* Stage3ViewController.m */,
			);
			name = Stage3;
			sourceTree = "<group>";
		};
		6CAB3A89189E53F400F7F4EB /* StageGame */ = {
			isa = PBXGroup;
			children = (
				6CAB3A8A189E54B500F7F4EB /* StageGameViewController.h */,
				6CAB3A8B189E54B500F7F4EB /* StageGameViewController.m */,
			);
			name = StageGame;
			sourceTree = "<group>";
		};
		6CAB3A9E189E627F00F7F4EB /* Helpers */ = {
			isa = PBXGroup;
			children = (
				6CAB3A9F189E62A000F7F4EB /* NSMutableArray_Shuffling.h */,
				6CAB3AA0189E62A000F7F4EB /* NSMutableArray_Shuffling.m */,
			);
			name = Helpers;
			sourceTree = "<group>";
		};
		6CD57A3E189BA2BC005538D1 /* Managers */ = {
			isa = PBXGroup;
			children = (
				6CD57A3B189BA29C005538D1 /* StageManager.h */,
				6CD57A3C189BA29C005538D1 /* StageManager.m */,
				6CD57A53189BA472005538D1 /* LevelManager.h */,
				6CD57A54189BA472005538D1 /* LevelManager.m */,
				6CAB3A93189E564F00F7F4EB /* GameManager.h */,
				6CAB3A94189E564F00F7F4EB /* GameManager.m */,
			);
			name = Managers;
			sourceTree = "<group>";
		};
		6CD57A3F189BA2DA005538D1 /* ViewControllers */ = {
			isa = PBXGroup;
			children = (
				6CD57A42189BA2DA005538D1 /* Stages */,
				6CD57A47189BA2DA005538D1 /* StagesDataSources */,
				6CD57A40189BA2DA005538D1 /* MapViewController.h */,
				6CD57A41189BA2DA005538D1 /* MapViewController.m */,
				6CD57A58189BA7C8005538D1 /* LevelSelectorViewController.h */,
				6CD57A59189BA7C8005538D1 /* LevelSelectorViewController.m */,
			);
			path = ViewControllers;
			sourceTree = "<group>";
		};
		6CD57A42189BA2DA005538D1 /* Stages */ = {
			isa = PBXGroup;
			children = (
				6CD57A45189BA2DA005538D1 /* StageViewController.h */,
				6CD57A46189BA2DA005538D1 /* StageViewController.m */,
				6C2A840A189BD351002EEA2C /* Stage1 */,
				6CAB3A63189E36E300F7F4EB /* Stage2 */,
				6CAB3A79189E4C8700F7F4EB /* Stage3 */,
				6CAB3A89189E53F400F7F4EB /* StageGame */,
				6C2A840B189BD358002EEA2C /* Stage8 */,
			);
			path = Stages;
			sourceTree = "<group>";
		};
		6CD57A47189BA2DA005538D1 /* StagesDataSources */ = {
			isa = PBXGroup;
			children = (
				6C2A840C189BD387002EEA2C /* Stage1DataSource.h */,
				6C2A840D189BD387002EEA2C /* Stage1DataSource.m */,
				6CAB3A6A189E3E1E00F7F4EB /* Stage2DataSource.h */,
				6CAB3A6B189E3E1E00F7F4EB /* Stage2DataSource.m */,
				6CAB3A7E189E4D2300F7F4EB /* Stage3DataSource.h */,
				6CAB3A7F189E4D2300F7F4EB /* Stage3DataSource.m */,
				6CAB3A8D189E553400F7F4EB /* StageGameDataSource.h */,
				6CAB3A8E189E553400F7F4EB /* StageGameDataSource.m */,
				6CD57A48189BA2DA005538D1 /* Stage8DataSource.h */,
				6CD57A49189BA2DA005538D1 /* Stage8DataSource.m */,
				6CD57A4A189BA2DA005538D1 /* StageDataSource.h */,
			);
			path = StagesDataSources;
			sourceTree = "<group>";
		};
		6CDCDD711897EEB4002EBDED = {
			isa = PBXGroup;
			children = (
				6CDCDD831897EEB6002EBDED /* AppMediterrania */,
				6CDCDD9C1897EEB8002EBDED /* AppMediterraniaTests */,
				6CDCDD7C1897EEB6002EBDED /* Frameworks */,
				6CDCDD7B1897EEB6002EBDED /* Products */,
			);
			sourceTree = "<group>";
		};
		6CDCDD7B1897EEB6002EBDED /* Products */ = {
			isa = PBXGroup;
			children = (
				6CDCDD7A1897EEB6002EBDED /* AppMediterrania.app */,
				6CDCDD951897EEB8002EBDED /* AppMediterraniaTests.xctest */,
			);
			name = Products;
			sourceTree = "<group>";
		};
		6CDCDD7C1897EEB6002EBDED /* Frameworks */ = {
			isa = PBXGroup;
			children = (
				6CAB3A59189E25E500F7F4EB /* AudioToolbox.framework */,
				6CDCDD7D1897EEB6002EBDED /* Foundation.framework */,
				6CDCDD7F1897EEB6002EBDED /* CoreGraphics.framework */,
				6CDCDD811897EEB6002EBDED /* UIKit.framework */,
				6CDCDD961897EEB8002EBDED /* XCTest.framework */,
			);
			name = Frameworks;
			sourceTree = "<group>";
		};
		6CDCDD831897EEB6002EBDED /* AppMediterrania */ = {
			isa = PBXGroup;
			children = (
				6CD57A3E189BA2BC005538D1 /* Managers */,
				6CDCDDAE1897EFB9002EBDED /* Models */,
				6CDCDDC31897F0DD002EBDED /* Views */,
				6CD57A3F189BA2DA005538D1 /* ViewControllers */,
				6CDCDDAF1897F07A002EBDED /* Application */,
				6CAB3A9E189E627F00F7F4EB /* Helpers */,
				6CDCDDB91897F07A002EBDED /* Library */,
				6CDCDDBA1897F07A002EBDED /* Models */,
				6CDCDDBB1897F07A002EBDED /* Support */,
			);
			path = AppMediterrania;
			sourceTree = "<group>";
		};
		6CDCDD9C1897EEB8002EBDED /* AppMediterraniaTests */ = {
			isa = PBXGroup;
			children = (
				6CDCDDA21897EEB8002EBDED /* AppMediterraniaTests.m */,
				6CDCDD9D1897EEB8002EBDED /* Supporting Files */,
			);
			path = AppMediterraniaTests;
			sourceTree = "<group>";
		};
		6CDCDD9D1897EEB8002EBDED /* Supporting Files */ = {
			isa = PBXGroup;
			children = (
				6CDCDD9E1897EEB8002EBDED /* AppMediterraniaTests-Info.plist */,
				6CDCDD9F1897EEB8002EBDED /* InfoPlist.strings */,
			);
			name = "Supporting Files";
			sourceTree = "<group>";
		};
		6CDCDDAE1897EFB9002EBDED /* Models */ = {
			isa = PBXGroup;
			children = (
				6CAB3A96189E56EF00F7F4EB /* QuestionModel.h */,
				6CAB3A97189E56EF00F7F4EB /* QuestionModel.m */,
			);
			name = Models;
			sourceTree = "<group>";
		};
		6CDCDDAF1897F07A002EBDED /* Application */ = {
			isa = PBXGroup;
			children = (
				6CDCDDB01897F07A002EBDED /* AppDelegate.h */,
				6CDCDDB11897F07A002EBDED /* AppDelegate.m */,
				6CDCDDB21897F07A002EBDED /* AppMediterrania-Info.plist */,
				6CDCDDB31897F07A002EBDED /* AppMediterrania-Prefix.pch */,
				6CDCDDB41897F07A002EBDED /* main.m */,
				6CD57A38189B9C63005538D1 /* Notifications.h */,
				6CD57A39189B9C63005538D1 /* Notifications.m */,
				6CD57A4F189BA39B005538D1 /* Constants.h */,
				6CD57A50189BA39B005538D1 /* Constants.m */,
			);
			path = Application;
			sourceTree = "<group>";
		};
		6CDCDDB91897F07A002EBDED /* Library */ = {
			isa = PBXGroup;
			children = (
			);
			path = Library;
			sourceTree = "<group>";
		};
		6CDCDDBA1897F07A002EBDED /* Models */ = {
			isa = PBXGroup;
			children = (
			);
			path = Models;
			sourceTree = "<group>";
		};
		6CDCDDBB1897F07A002EBDED /* Support */ = {
			isa = PBXGroup;
			children = (
				6CAB3A2F189E254400F7F4EB /* Resources */,
				6CDCDDBC1897F07A002EBDED /* Images.xcassets */,
			);
			path = Support;
			sourceTree = "<group>";
		};
		6CDCDDC31897F0DD002EBDED /* Views */ = {
			isa = PBXGroup;
			children = (
				6CFD1BC7189A120B00CB7B15 /* Stages */,
				6CDCDDCA1897F236002EBDED /* MapView.xib */,
				6CD57A56189BA699005538D1 /* LevelSelectorView.xib */,
			);
			path = Views;
			sourceTree = "<group>";
		};
		6CFD1BC7189A120B00CB7B15 /* Stages */ = {
			isa = PBXGroup;
			children = (
				6CFD1BC8189A122400CB7B15 /* StageView.xib */,
				6C2A840F189BD67A002EEA2C /* Stage1TreeView.xib */,
				6C2A8410189BD67A002EEA2C /* Stage1BasketView.xib */,
				6C2A8411189BD67A002EEA2C /* Stage1FieldView.xib */,
				6C2A8412189BD67A002EEA2C /* Stage1FarmView.xib */,
				6C2A8413189BD67A002EEA2C /* Stage1FishingView.xib */,
				6CAB3A81189E4D8A00F7F4EB /* Stage2View.xib */,
				6CAB3A83189E4D9C00F7F4EB /* Stage3View.xib */,
				6CAB3A9B189E59EC00F7F4EB /* StageGameView.xib */,
				6CD57A36189B9918005538D1 /* Stage8View.xib */,
			);
			name = Stages;
			sourceTree = "<group>";
		};
/* End PBXGroup section */

/* Begin PBXNativeTarget section */
		6CDCDD791897EEB6002EBDED /* AppMediterrania */ = {
			isa = PBXNativeTarget;
			buildConfigurationList = 6CDCDDA61897EEB9002EBDED /* Build configuration list for PBXNativeTarget "AppMediterrania" */;
			buildPhases = (
				6CDCDD761897EEB6002EBDED /* Sources */,
				6CDCDD771897EEB6002EBDED /* Frameworks */,
				6CDCDD781897EEB6002EBDED /* Resources */,
			);
			buildRules = (
			);
			dependencies = (
			);
			name = AppMediterrania;
			productName = AppMediterrania;
			productReference = 6CDCDD7A1897EEB6002EBDED /* AppMediterrania.app */;
			productType = "com.apple.product-type.application";
		};
		6CDCDD941897EEB8002EBDED /* AppMediterraniaTests */ = {
			isa = PBXNativeTarget;
			buildConfigurationList = 6CDCDDA91897EEB9002EBDED /* Build configuration list for PBXNativeTarget "AppMediterraniaTests" */;
			buildPhases = (
				6CDCDD911897EEB8002EBDED /* Sources */,
				6CDCDD921897EEB8002EBDED /* Frameworks */,
				6CDCDD931897EEB8002EBDED /* Resources */,
			);
			buildRules = (
			);
			dependencies = (
				6CDCDD9B1897EEB8002EBDED /* PBXTargetDependency */,
			);
			name = AppMediterraniaTests;
			productName = AppMediterraniaTests;
			productReference = 6CDCDD951897EEB8002EBDED /* AppMediterraniaTests.xctest */;
			productType = "com.apple.product-type.bundle.unit-test";
		};
/* End PBXNativeTarget section */

/* Begin PBXProject section */
		6CDCDD721897EEB5002EBDED /* Project object */ = {
			isa = PBXProject;
			attributes = {
				LastUpgradeCheck = 0500;
				ORGANIZATIONNAME = Storn.es;
				TargetAttributes = {
					6CDCDD941897EEB8002EBDED = {
						TestTargetID = 6CDCDD791897EEB6002EBDED;
					};
				};
			};
			buildConfigurationList = 6CDCDD751897EEB6002EBDED /* Build configuration list for PBXProject "AppMediterrania" */;
			compatibilityVersion = "Xcode 3.2";
			developmentRegion = English;
			hasScannedForEncodings = 0;
			knownRegions = (
				en,
			);
			mainGroup = 6CDCDD711897EEB4002EBDED;
			productRefGroup = 6CDCDD7B1897EEB6002EBDED /* Products */;
			projectDirPath = "";
			projectRoot = "";
			targets = (
				6CDCDD791897EEB6002EBDED /* AppMediterrania */,
				6CDCDD941897EEB8002EBDED /* AppMediterraniaTests */,
			);
		};
/* End PBXProject section */

/* Begin PBXResourcesBuildPhase section */
		6CDCDD781897EEB6002EBDED /* Resources */ = {
			isa = PBXResourcesBuildPhase;
			buildActionMask = 2147483647;
			files = (
				6CAB3A76189E44FE00F7F4EB /* pantalla_cuina_1.png in Resources */,
				6CAB3A60189E27D400F7F4EB /* hen.mp3 in Resources */,
				6CAB3A4A189E254400F7F4EB /* stage.png in Resources */,
				6CAB3A54189E254400F7F4EB /* pantalla_granja.png in Resources */,
				6CAB3A77189E44FE00F7F4EB /* pantalla_cuina_2.png in Resources */,
				6CDCDDBF1897F07A002EBDED /* AppMediterrania-Info.plist in Resources */,
				6CAB3A84189E4D9C00F7F4EB /* Stage3View.xib in Resources */,
				6CAB3A47189E254400F7F4EB /* lock.png in Resources */,
				6CAB3A4E189E254400F7F4EB /* boto_nivell.png in Resources */,
				6CAB3A65189E38C300F7F4EB /* face.png in Resources */,
				6C2A8418189BD67A002EEA2C /* Stage1FishingView.xib in Resources */,
				6CAB3A56189E254400F7F4EB /* pantalla_receptes_dificil.png in Resources */,
				6C2A8417189BD67A002EEA2C /* Stage1FarmView.xib in Resources */,
				6CAB3A4F189E254400F7F4EB /* boto_tornar_mapa.png in Resources */,
				6CAB3A62189E27D400F7F4EB /* sheep.mp3 in Resources */,
				6C2A8416189BD67A002EEA2C /* Stage1FieldView.xib in Resources */,
				6CFD1BC9189A122400CB7B15 /* StageView.xib in Resources */,
				6CAB3A4B189E254400F7F4EB /* stage1.png in Resources */,
				6CAB3A49189E254400F7F4EB /* pantalla_mapa.png in Resources */,
				6CDCDDC21897F07A002EBDED /* Images.xcassets in Resources */,
				6CAB3AA4189E6AB600F7F4EB /* stage_sel.png in Resources */,
				6CAB3A9C189E59EC00F7F4EB /* StageGameView.xib in Resources */,
				6CAB3A72189E408300F7F4EB /* seagull.mp3 in Resources */,
				6CAB3A46189E254400F7F4EB /* cow.mp3 in Resources */,
				6CD57A57189BA699005538D1 /* LevelSelectorView.xib in Resources */,
				6CD57A37189B9918005538D1 /* Stage8View.xib in Resources */,
				6CAB3A4D189E254400F7F4EB /* boto_informacio.png in Resources */,
				6CAB3A4C189E254400F7F4EB /* boto_about.png in Resources */,
				6CAB3A55189E254400F7F4EB /* pantalla_pesca.png in Resources */,
				6C2A8415189BD67A002EEA2C /* Stage1BasketView.xib in Resources */,
				6CAB3A78189E44FE00F7F4EB /* pantalla_cuina_3.png in Resources */,
				6CAB3AA5189E6AB600F7F4EB /* stage1_sel.png in Resources */,
				6CAB3A82189E4D8A00F7F4EB /* Stage2View.xib in Resources */,
				6CAB3A58189E254400F7F4EB /* pantalla_receptes_mitja.png in Resources */,
				6CAB3A61189E27D400F7F4EB /* pork.mp3 in Resources */,
				6CAB3A71189E408300F7F4EB /* bubbles.mp3 in Resources */,
				6CAB3A48189E254400F7F4EB /* pantalla_joc.png in Resources */,
				6CAB3A50189E254400F7F4EB /* pantalla_arbre.png in Resources */,
				6CAB3A51189E254400F7F4EB /* pantalla_camp.png in Resources */,
				6CAB3A87189E4EBE00F7F4EB /* piramide_mitja_1.png in Resources */,
				6CAB3A52189E254400F7F4EB /* pantalla_cistella.png in Resources */,
				6CAB3A88189E4EBF00F7F4EB /* piramide_mitja_2.png in Resources */,
				6CAB3A5F189E27D400F7F4EB /* goat.mp3 in Resources */,
				6C2A8414189BD67A002EEA2C /* Stage1TreeView.xib in Resources */,
				6CAB3A57189E254400F7F4EB /* pantalla_receptes_facil.png in Resources */,
				6CDCDDCC1897F236002EBDED /* MapView.xib in Resources */,
			);
			runOnlyForDeploymentPostprocessing = 0;
		};
		6CDCDD931897EEB8002EBDED /* Resources */ = {
			isa = PBXResourcesBuildPhase;
			buildActionMask = 2147483647;
			files = (
				6CDCDDA11897EEB8002EBDED /* InfoPlist.strings in Resources */,
			);
			runOnlyForDeploymentPostprocessing = 0;
		};
/* End PBXResourcesBuildPhase section */

/* Begin PBXSourcesBuildPhase section */
		6CDCDD761897EEB6002EBDED /* Sources */ = {
			isa = PBXSourcesBuildPhase;
			buildActionMask = 2147483647;
			files = (
				6C2A840E189BD387002EEA2C /* Stage1DataSource.m in Sources */,
				6CAB3A69189E3E0400F7F4EB /* Stage2ViewController.m in Sources */,
				6CAB3A95189E564F00F7F4EB /* GameManager.m in Sources */,
				6C2A83FD189BD2E8002EEA2C /* Stage1TreeViewController.m in Sources */,
				6CAB3A7C189E4CA400F7F4EB /* Stage3ViewController.m in Sources */,
				6CAB3A98189E56EF00F7F4EB /* QuestionModel.m in Sources */,
				6CD57A3D189BA29C005538D1 /* StageManager.m in Sources */,
				6CD57A4D189BA2DA005538D1 /* StageViewController.m in Sources */,
				6CD57A5A189BA7C8005538D1 /* LevelSelectorViewController.m in Sources */,
				6CAB3A6C189E3E1E00F7F4EB /* Stage2DataSource.m in Sources */,
				6CAB3A80189E4D2300F7F4EB /* Stage3DataSource.m in Sources */,
				6C2A8406189BD31E002EEA2C /* Stage1FarmViewController.m in Sources */,
				6CD57A3A189B9C63005538D1 /* Notifications.m in Sources */,
				6CD57A4E189BA2DA005538D1 /* Stage8DataSource.m in Sources */,
				6CD57A4B189BA2DA005538D1 /* MapViewController.m in Sources */,
				6C2A8409189BD32A002EEA2C /* Stage1FishingViewController.m in Sources */,
				6C2A8400189BD2FD002EEA2C /* Stage1BasketViewController.m in Sources */,
				6CAB3A8F189E553400F7F4EB /* StageGameDataSource.m in Sources */,
				6CAB3A8C189E54B500F7F4EB /* StageGameViewController.m in Sources */,
				6CDCDDC01897F07A002EBDED /* main.m in Sources */,
				6CAB3AA1189E62A000F7F4EB /* NSMutableArray_Shuffling.m in Sources */,
				6CD57A55189BA472005538D1 /* LevelManager.m in Sources */,
				6C2A8403189BD30F002EEA2C /* Stage1FieldViewController.m in Sources */,
				6CDCDDBE1897F07A002EBDED /* AppDelegate.m in Sources */,
				6CD57A4C189BA2DA005538D1 /* Stage8ViewController.m in Sources */,
				6CD57A51189BA39B005538D1 /* Constants.m in Sources */,
			);
			runOnlyForDeploymentPostprocessing = 0;
		};
		6CDCDD911897EEB8002EBDED /* Sources */ = {
			isa = PBXSourcesBuildPhase;
			buildActionMask = 2147483647;
			files = (
				6CDCDDA31897EEB8002EBDED /* AppMediterraniaTests.m in Sources */,
			);
			runOnlyForDeploymentPostprocessing = 0;
		};
/* End PBXSourcesBuildPhase section */

/* Begin PBXTargetDependency section */
		6CDCDD9B1897EEB8002EBDED /* PBXTargetDependency */ = {
			isa = PBXTargetDependency;
			target = 6CDCDD791897EEB6002EBDED /* AppMediterrania */;
			targetProxy = 6CDCDD9A1897EEB8002EBDED /* PBXContainerItemProxy */;
		};
/* End PBXTargetDependency section */

/* Begin PBXVariantGroup section */
		6CDCDD9F1897EEB8002EBDED /* InfoPlist.strings */ = {
			isa = PBXVariantGroup;
			children = (
				6CDCDDA01897EEB8002EBDED /* en */,
			);
			name = InfoPlist.strings;
			sourceTree = "<group>";
		};
/* End PBXVariantGroup section */

/* Begin XCBuildConfiguration section */
		6CDCDDA41897EEB8002EBDED /* Debug */ = {
			isa = XCBuildConfiguration;
			buildSettings = {
				ALWAYS_SEARCH_USER_PATHS = NO;
				ARCHS = "$(ARCHS_STANDARD_INCLUDING_64_BIT)";
				CLANG_CXX_LANGUAGE_STANDARD = "gnu++0x";
				CLANG_CXX_LIBRARY = "libc++";
				CLANG_ENABLE_MODULES = YES;
				CLANG_ENABLE_OBJC_ARC = YES;
				CLANG_WARN_BOOL_CONVERSION = YES;
				CLANG_WARN_CONSTANT_CONVERSION = YES;
				CLANG_WARN_DIRECT_OBJC_ISA_USAGE = YES_ERROR;
				CLANG_WARN_EMPTY_BODY = YES;
				CLANG_WARN_ENUM_CONVERSION = YES;
				CLANG_WARN_INT_CONVERSION = YES;
				CLANG_WARN_OBJC_ROOT_CLASS = YES_ERROR;
				CLANG_WARN__DUPLICATE_METHOD_MATCH = YES;
				"CODE_SIGN_IDENTITY[sdk=iphoneos*]" = "iPhone Developer";
				COPY_PHASE_STRIP = NO;
				GCC_C_LANGUAGE_STANDARD = gnu99;
				GCC_DYNAMIC_NO_PIC = NO;
				GCC_OPTIMIZATION_LEVEL = 0;
				GCC_PREPROCESSOR_DEFINITIONS = (
					"DEBUG=1",
					"$(inherited)",
				);
				GCC_SYMBOLS_PRIVATE_EXTERN = NO;
				GCC_WARN_64_TO_32_BIT_CONVERSION = YES;
				GCC_WARN_ABOUT_RETURN_TYPE = YES_ERROR;
				GCC_WARN_UNDECLARED_SELECTOR = YES;
				GCC_WARN_UNINITIALIZED_AUTOS = YES;
				GCC_WARN_UNUSED_FUNCTION = YES;
				GCC_WARN_UNUSED_VARIABLE = YES;
				IPHONEOS_DEPLOYMENT_TARGET = 7.0;
				ONLY_ACTIVE_ARCH = YES;
				SDKROOT = iphoneos;
				TARGETED_DEVICE_FAMILY = 2;
			};
			name = Debug;
		};
		6CDCDDA51897EEB8002EBDED /* Release */ = {
			isa = XCBuildConfiguration;
			buildSettings = {
				ALWAYS_SEARCH_USER_PATHS = NO;
				ARCHS = "$(ARCHS_STANDARD_INCLUDING_64_BIT)";
				CLANG_CXX_LANGUAGE_STANDARD = "gnu++0x";
				CLANG_CXX_LIBRARY = "libc++";
				CLANG_ENABLE_MODULES = YES;
				CLANG_ENABLE_OBJC_ARC = YES;
				CLANG_WARN_BOOL_CONVERSION = YES;
				CLANG_WARN_CONSTANT_CONVERSION = YES;
				CLANG_WARN_DIRECT_OBJC_ISA_USAGE = YES_ERROR;
				CLANG_WARN_EMPTY_BODY = YES;
				CLANG_WARN_ENUM_CONVERSION = YES;
				CLANG_WARN_INT_CONVERSION = YES;
				CLANG_WARN_OBJC_ROOT_CLASS = YES_ERROR;
				CLANG_WARN__DUPLICATE_METHOD_MATCH = YES;
				"CODE_SIGN_IDENTITY[sdk=iphoneos*]" = "iPhone Developer";
				COPY_PHASE_STRIP = YES;
				ENABLE_NS_ASSERTIONS = NO;
				GCC_C_LANGUAGE_STANDARD = gnu99;
				GCC_WARN_64_TO_32_BIT_CONVERSION = YES;
				GCC_WARN_ABOUT_RETURN_TYPE = YES_ERROR;
				GCC_WARN_UNDECLARED_SELECTOR = YES;
				GCC_WARN_UNINITIALIZED_AUTOS = YES;
				GCC_WARN_UNUSED_FUNCTION = YES;
				GCC_WARN_UNUSED_VARIABLE = YES;
				IPHONEOS_DEPLOYMENT_TARGET = 7.0;
				SDKROOT = iphoneos;
				TARGETED_DEVICE_FAMILY = 2;
				VALIDATE_PRODUCT = YES;
			};
			name = Release;
		};
		6CDCDDA71897EEB9002EBDED /* Debug */ = {
			isa = XCBuildConfiguration;
			buildSettings = {
				ASSETCATALOG_COMPILER_APPICON_NAME = AppIcon;
				ASSETCATALOG_COMPILER_LAUNCHIMAGE_NAME = LaunchImage;
				GCC_PRECOMPILE_PREFIX_HEADER = YES;
				GCC_PREFIX_HEADER = "AppMediterrania/Application/AppMediterrania-Prefix.pch";
				INFOPLIST_FILE = "$(SRCROOT)/AppMediterrania/Application/AppMediterrania-Info.plist";
				PRODUCT_NAME = "$(TARGET_NAME)";
				WRAPPER_EXTENSION = app;
			};
			name = Debug;
		};
		6CDCDDA81897EEB9002EBDED /* Release */ = {
			isa = XCBuildConfiguration;
			buildSettings = {
				ASSETCATALOG_COMPILER_APPICON_NAME = AppIcon;
				ASSETCATALOG_COMPILER_LAUNCHIMAGE_NAME = LaunchImage;
				GCC_PRECOMPILE_PREFIX_HEADER = YES;
				GCC_PREFIX_HEADER = "AppMediterrania/Application/AppMediterrania-Prefix.pch";
				INFOPLIST_FILE = "$(SRCROOT)/AppMediterrania/Application/AppMediterrania-Info.plist";
				PRODUCT_NAME = "$(TARGET_NAME)";
				WRAPPER_EXTENSION = app;
			};
			name = Release;
		};
		6CDCDDAA1897EEB9002EBDED /* Debug */ = {
			isa = XCBuildConfiguration;
			buildSettings = {
				ARCHS = "$(ARCHS_STANDARD_INCLUDING_64_BIT)";
				BUNDLE_LOADER = "$(BUILT_PRODUCTS_DIR)/AppMediterrania.app/AppMediterrania";
				FRAMEWORK_SEARCH_PATHS = (
					"$(SDKROOT)/Developer/Library/Frameworks",
					"$(inherited)",
					"$(DEVELOPER_FRAMEWORKS_DIR)",
				);
				GCC_PRECOMPILE_PREFIX_HEADER = YES;
				GCC_PREFIX_HEADER = "AppMediterrania/AppMediterrania-Prefix.pch";
				GCC_PREPROCESSOR_DEFINITIONS = (
					"DEBUG=1",
					"$(inherited)",
				);
				INFOPLIST_FILE = "AppMediterraniaTests/AppMediterraniaTests-Info.plist";
				PRODUCT_NAME = "$(TARGET_NAME)";
				TEST_HOST = "$(BUNDLE_LOADER)";
				WRAPPER_EXTENSION = xctest;
			};
			name = Debug;
		};
		6CDCDDAB1897EEB9002EBDED /* Release */ = {
			isa = XCBuildConfiguration;
			buildSettings = {
				ARCHS = "$(ARCHS_STANDARD_INCLUDING_64_BIT)";
				BUNDLE_LOADER = "$(BUILT_PRODUCTS_DIR)/AppMediterrania.app/AppMediterrania";
				FRAMEWORK_SEARCH_PATHS = (
					"$(SDKROOT)/Developer/Library/Frameworks",
					"$(inherited)",
					"$(DEVELOPER_FRAMEWORKS_DIR)",
				);
				GCC_PRECOMPILE_PREFIX_HEADER = YES;
				GCC_PREFIX_HEADER = "AppMediterrania/AppMediterrania-Prefix.pch";
				INFOPLIST_FILE = "AppMediterraniaTests/AppMediterraniaTests-Info.plist";
				PRODUCT_NAME = "$(TARGET_NAME)";
				TEST_HOST = "$(BUNDLE_LOADER)";
				WRAPPER_EXTENSION = xctest;
			};
			name = Release;
		};
/* End XCBuildConfiguration section */

/* Begin XCConfigurationList section */
		6CDCDD751897EEB6002EBDED /* Build configuration list for PBXProject "AppMediterrania" */ = {
			isa = XCConfigurationList;
			buildConfigurations = (
				6CDCDDA41897EEB8002EBDED /* Debug */,
				6CDCDDA51897EEB8002EBDED /* Release */,
			);
			defaultConfigurationIsVisible = 0;
			defaultConfigurationName = Release;
		};
		6CDCDDA61897EEB9002EBDED /* Build configuration list for PBXNativeTarget "AppMediterrania" */ = {
			isa = XCConfigurationList;
			buildConfigurations = (
				6CDCDDA71897EEB9002EBDED /* Debug */,
				6CDCDDA81897EEB9002EBDED /* Release */,
			);
			defaultConfigurationIsVisible = 0;
			defaultConfigurationName = Release;
		};
		6CDCDDA91897EEB9002EBDED /* Build configuration list for PBXNativeTarget "AppMediterraniaTests" */ = {
			isa = XCConfigurationList;
			buildConfigurations = (
				6CDCDDAA1897EEB9002EBDED /* Debug */,
				6CDCDDAB1897EEB9002EBDED /* Release */,
			);
			defaultConfigurationIsVisible = 0;
			defaultConfigurationName = Release;
		};
/* End XCConfigurationList section */
	};
	rootObject = 6CDCDD721897EEB5002EBDED /* Project object */;
}
