// !$*UTF8*$!
{
	archiveVersion = 1;
	classes = {
	};
	objectVersion = 46;
	objects = {

/* Begin PBXBuildFile section */
		6CDCDD7E1897EEB6002EBDED /* Foundation.framework in Frameworks */ = {isa = PBXBuildFile; fileRef = 6CDCDD7D1897EEB6002EBDED /* Foundation.framework */; };
		6CDCDD801897EEB6002EBDED /* CoreGraphics.framework in Frameworks */ = {isa = PBXBuildFile; fileRef = 6CDCDD7F1897EEB6002EBDED /* CoreGraphics.framework */; };
		6CDCDD821897EEB6002EBDED /* UIKit.framework in Frameworks */ = {isa = PBXBuildFile; fileRef = 6CDCDD811897EEB6002EBDED /* UIKit.framework */; };
		6CDCDD971897EEB8002EBDED /* XCTest.framework in Frameworks */ = {isa = PBXBuildFile; fileRef = 6CDCDD961897EEB8002EBDED /* XCTest.framework */; };
		6CDCDD981897EEB8002EBDED /* Foundation.framework in Frameworks */ = {isa = PBXBuildFile; fileRef = 6CDCDD7D1897EEB6002EBDED /* Foundation.framework */; };
		6CDCDD991897EEB8002EBDED /* UIKit.framework in Frameworks */ = {isa = PBXBuildFile; fileRef = 6CDCDD811897EEB6002EBDED /* UIKit.framework */; };
		6CDCDDA11897EEB8002EBDED /* InfoPlist.strings in Resources */ = {isa = PBXBuildFile; fileRef = 6CDCDD9F1897EEB8002EBDED /* InfoPlist.strings */; };
		6CDCDDA31897EEB8002EBDED /* AppMediterraniaTests.m in Sources */ = {isa = PBXBuildFile; fileRef = 6CDCDDA21897EEB8002EBDED /* AppMediterraniaTests.m */; };
		6CDCDDBE1897F07A002EBDED /* AppDelegate.m in Sources */ = {isa = PBXBuildFile; fileRef = 6CDCDDB11897F07A002EBDED /* AppDelegate.m */; };
		6CDCDDBF1897F07A002EBDED /* AppMediterrania-Info.plist in Resources */ = {isa = PBXBuildFile; fileRef = 6CDCDDB21897F07A002EBDED /* AppMediterrania-Info.plist */; };
		6CDCDDC01897F07A002EBDED /* main.m in Sources */ = {isa = PBXBuildFile; fileRef = 6CDCDDB41897F07A002EBDED /* main.m */; };
		6CDCDDC21897F07A002EBDED /* Images.xcassets in Resources */ = {isa = PBXBuildFile; fileRef = 6CDCDDBC1897F07A002EBDED /* Images.xcassets */; };
		6CDCDDCB1897F236002EBDED /* MapViewController.m in Sources */ = {isa = PBXBuildFile; fileRef = 6CDCDDC91897F236002EBDED /* MapViewController.m */; };
		6CDCDDCC1897F236002EBDED /* MapView.xib in Resources */ = {isa = PBXBuildFile; fileRef = 6CDCDDCA1897F236002EBDED /* MapView.xib */; };
		6CFD1BC9189A122400CB7B15 /* StageView.xib in Resources */ = {isa = PBXBuildFile; fileRef = 6CFD1BC8189A122400CB7B15 /* StageView.xib */; };
		6CFD1BCC189A12EE00CB7B15 /* pantalla_mapa.png in Resources */ = {isa = PBXBuildFile; fileRef = 6CFD1BCB189A12EE00CB7B15 /* pantalla_mapa.png */; };
		6CFD1BCF189A13B500CB7B15 /* StageViewController.m in Sources */ = {isa = PBXBuildFile; fileRef = 6CFD1BCE189A13B500CB7B15 /* StageViewController.m */; };
		6CFD1BD2189A14AF00CB7B15 /* Stage8ViewController.m in Sources */ = {isa = PBXBuildFile; fileRef = 6CFD1BD1189A14AF00CB7B15 /* Stage8ViewController.m */; };
		6CFD1BD5189A170E00CB7B15 /* lock.png in Resources */ = {isa = PBXBuildFile; fileRef = 6CFD1BD3189A170E00CB7B15 /* lock.png */; };
		6CFD1BD6189A170E00CB7B15 /* stage.png in Resources */ = {isa = PBXBuildFile; fileRef = 6CFD1BD4189A170E00CB7B15 /* stage.png */; };
/* End PBXBuildFile section */

/* Begin PBXContainerItemProxy section */
		6CDCDD9A1897EEB8002EBDED /* PBXContainerItemProxy */ = {
			isa = PBXContainerItemProxy;
			containerPortal = 6CDCDD721897EEB5002EBDED /* Project object */;
			proxyType = 1;
			remoteGlobalIDString = 6CDCDD791897EEB6002EBDED;
			remoteInfo = AppMediterrania;
		};
/* End PBXContainerItemProxy section */

/* Begin PBXFileReference section */
		6CDCDD7A1897EEB6002EBDED /* AppMediterrania.app */ = {isa = PBXFileReference; explicitFileType = wrapper.application; includeInIndex = 0; path = AppMediterrania.app; sourceTree = BUILT_PRODUCTS_DIR; };
		6CDCDD7D1897EEB6002EBDED /* Foundation.framework */ = {isa = PBXFileReference; lastKnownFileType = wrapper.framework; name = Foundation.framework; path = System/Library/Frameworks/Foundation.framework; sourceTree = SDKROOT; };
		6CDCDD7F1897EEB6002EBDED /* CoreGraphics.framework */ = {isa = PBXFileReference; lastKnownFileType = wrapper.framework; name = CoreGraphics.framework; path = System/Library/Frameworks/CoreGraphics.framework; sourceTree = SDKROOT; };
		6CDCDD811897EEB6002EBDED /* UIKit.framework */ = {isa = PBXFileReference; lastKnownFileType = wrapper.framework; name = UIKit.framework; path = System/Library/Frameworks/UIKit.framework; sourceTree = SDKROOT; };
		6CDCDD951897EEB8002EBDED /* AppMediterraniaTests.xctest */ = {isa = PBXFileReference; explicitFileType = wrapper.cfbundle; includeInIndex = 0; path = AppMediterraniaTests.xctest; sourceTree = BUILT_PRODUCTS_DIR; };
		6CDCDD961897EEB8002EBDED /* XCTest.framework */ = {isa = PBXFileReference; lastKnownFileType = wrapper.framework; name = XCTest.framework; path = Library/Frameworks/XCTest.framework; sourceTree = DEVELOPER_DIR; };
		6CDCDD9E1897EEB8002EBDED /* AppMediterraniaTests-Info.plist */ = {isa = PBXFileReference; lastKnownFileType = text.plist.xml; path = "AppMediterraniaTests-Info.plist"; sourceTree = "<group>"; };
		6CDCDDA01897EEB8002EBDED /* en */ = {isa = PBXFileReference; lastKnownFileType = text.plist.strings; name = en; path = en.lproj/InfoPlist.strings; sourceTree = "<group>"; };
		6CDCDDA21897EEB8002EBDED /* AppMediterraniaTests.m */ = {isa = PBXFileReference; lastKnownFileType = sourcecode.c.objc; path = AppMediterraniaTests.m; sourceTree = "<group>"; };
		6CDCDDB01897F07A002EBDED /* AppDelegate.h */ = {isa = PBXFileReference; fileEncoding = 4; lastKnownFileType = sourcecode.c.h; path = AppDelegate.h; sourceTree = "<group>"; };
		6CDCDDB11897F07A002EBDED /* AppDelegate.m */ = {isa = PBXFileReference; fileEncoding = 4; lastKnownFileType = sourcecode.c.objc; path = AppDelegate.m; sourceTree = "<group>"; };
		6CDCDDB21897F07A002EBDED /* AppMediterrania-Info.plist */ = {isa = PBXFileReference; fileEncoding = 4; lastKnownFileType = text.plist.xml; path = "AppMediterrania-Info.plist"; sourceTree = "<group>"; };
		6CDCDDB31897F07A002EBDED /* AppMediterrania-Prefix.pch */ = {isa = PBXFileReference; fileEncoding = 4; lastKnownFileType = sourcecode.c.h; path = "AppMediterrania-Prefix.pch"; sourceTree = "<group>"; };
		6CDCDDB41897F07A002EBDED /* main.m */ = {isa = PBXFileReference; fileEncoding = 4; lastKnownFileType = sourcecode.c.objc; path = main.m; sourceTree = "<group>"; };
		6CDCDDBC1897F07A002EBDED /* Images.xcassets */ = {isa = PBXFileReference; lastKnownFileType = folder.assetcatalog; path = Images.xcassets; sourceTree = "<group>"; };
		6CDCDDC81897F236002EBDED /* MapViewController.h */ = {isa = PBXFileReference; fileEncoding = 4; lastKnownFileType = sourcecode.c.h; path = MapViewController.h; sourceTree = "<group>"; };
		6CDCDDC91897F236002EBDED /* MapViewController.m */ = {isa = PBXFileReference; fileEncoding = 4; lastKnownFileType = sourcecode.c.objc; path = MapViewController.m; sourceTree = "<group>"; };
		6CDCDDCA1897F236002EBDED /* MapView.xib */ = {isa = PBXFileReference; fileEncoding = 4; lastKnownFileType = file.xib; path = MapView.xib; sourceTree = "<group>"; };
		6CFD1BC8189A122400CB7B15 /* StageView.xib */ = {isa = PBXFileReference; fileEncoding = 4; lastKnownFileType = file.xib; name = StageView.xib; path = Stages/StageView.xib; sourceTree = "<group>"; };
		6CFD1BCB189A12EE00CB7B15 /* pantalla_mapa.png */ = {isa = PBXFileReference; lastKnownFileType = image.png; path = pantalla_mapa.png; sourceTree = "<group>"; };
		6CFD1BCD189A13B500CB7B15 /* StageViewController.h */ = {isa = PBXFileReference; fileEncoding = 4; lastKnownFileType = sourcecode.c.h; name = StageViewController.h; path = Stages/StageViewController.h; sourceTree = "<group>"; };
		6CFD1BCE189A13B500CB7B15 /* StageViewController.m */ = {isa = PBXFileReference; fileEncoding = 4; lastKnownFileType = sourcecode.c.objc; name = StageViewController.m; path = Stages/StageViewController.m; sourceTree = "<group>"; };
		6CFD1BD0189A14AF00CB7B15 /* Stage8ViewController.h */ = {isa = PBXFileReference; fileEncoding = 4; lastKnownFileType = sourcecode.c.h; name = Stage8ViewController.h; path = Stages/Stage8ViewController.h; sourceTree = "<group>"; };
		6CFD1BD1189A14AF00CB7B15 /* Stage8ViewController.m */ = {isa = PBXFileReference; fileEncoding = 4; lastKnownFileType = sourcecode.c.objc; name = Stage8ViewController.m; path = Stages/Stage8ViewController.m; sourceTree = "<group>"; };
		6CFD1BD3189A170E00CB7B15 /* lock.png */ = {isa = PBXFileReference; lastKnownFileType = image.png; path = lock.png; sourceTree = "<group>"; };
		6CFD1BD4189A170E00CB7B15 /* stage.png */ = {isa = PBXFileReference; lastKnownFileType = image.png; path = stage.png; sourceTree = "<group>"; };
/* End PBXFileReference section */

/* Begin PBXFrameworksBuildPhase section */
		6CDCDD771897EEB6002EBDED /* Frameworks */ = {
			isa = PBXFrameworksBuildPhase;
			buildActionMask = 2147483647;
			files = (
				6CDCDD801897EEB6002EBDED /* CoreGraphics.framework in Frameworks */,
				6CDCDD821897EEB6002EBDED /* UIKit.framework in Frameworks */,
				6CDCDD7E1897EEB6002EBDED /* Foundation.framework in Frameworks */,
			);
			runOnlyForDeploymentPostprocessing = 0;
		};
		6CDCDD921897EEB8002EBDED /* Frameworks */ = {
			isa = PBXFrameworksBuildPhase;
			buildActionMask = 2147483647;
			files = (
				6CDCDD971897EEB8002EBDED /* XCTest.framework in Frameworks */,
				6CDCDD991897EEB8002EBDED /* UIKit.framework in Frameworks */,
				6CDCDD981897EEB8002EBDED /* Foundation.framework in Frameworks */,
			);
			runOnlyForDeploymentPostprocessing = 0;
		};
/* End PBXFrameworksBuildPhase section */

/* Begin PBXGroup section */
		6CDCDD711897EEB4002EBDED = {
			isa = PBXGroup;
			children = (
				6CDCDD831897EEB6002EBDED /* AppMediterrania */,
				6CDCDD9C1897EEB8002EBDED /* AppMediterraniaTests */,
				6CDCDD7C1897EEB6002EBDED /* Frameworks */,
				6CDCDD7B1897EEB6002EBDED /* Products */,
			);
			sourceTree = "<group>";
		};
		6CDCDD7B1897EEB6002EBDED /* Products */ = {
			isa = PBXGroup;
			children = (
				6CDCDD7A1897EEB6002EBDED /* AppMediterrania.app */,
				6CDCDD951897EEB8002EBDED /* AppMediterraniaTests.xctest */,
			);
			name = Products;
			sourceTree = "<group>";
		};
		6CDCDD7C1897EEB6002EBDED /* Frameworks */ = {
			isa = PBXGroup;
			children = (
				6CDCDD7D1897EEB6002EBDED /* Foundation.framework */,
				6CDCDD7F1897EEB6002EBDED /* CoreGraphics.framework */,
				6CDCDD811897EEB6002EBDED /* UIKit.framework */,
				6CDCDD961897EEB8002EBDED /* XCTest.framework */,
			);
			name = Frameworks;
			sourceTree = "<group>";
		};
		6CDCDD831897EEB6002EBDED /* AppMediterrania */ = {
			isa = PBXGroup;
			children = (
				6CDCDDAE1897EFB9002EBDED /* Models */,
				6CDCDDC31897F0DD002EBDED /* Views */,
				6CDCDDC41897F0F0002EBDED /* Controllers */,
				6CDCDDAF1897F07A002EBDED /* Application */,
				6CDCDDB91897F07A002EBDED /* Library */,
				6CDCDDBA1897F07A002EBDED /* Models */,
				6CDCDDBB1897F07A002EBDED /* Support */,
			);
			path = AppMediterrania;
			sourceTree = "<group>";
		};
		6CDCDD9C1897EEB8002EBDED /* AppMediterraniaTests */ = {
			isa = PBXGroup;
			children = (
				6CDCDDA21897EEB8002EBDED /* AppMediterraniaTests.m */,
				6CDCDD9D1897EEB8002EBDED /* Supporting Files */,
			);
			path = AppMediterraniaTests;
			sourceTree = "<group>";
		};
		6CDCDD9D1897EEB8002EBDED /* Supporting Files */ = {
			isa = PBXGroup;
			children = (
				6CDCDD9E1897EEB8002EBDED /* AppMediterraniaTests-Info.plist */,
				6CDCDD9F1897EEB8002EBDED /* InfoPlist.strings */,
			);
			name = "Supporting Files";
			sourceTree = "<group>";
		};
		6CDCDDAE1897EFB9002EBDED /* Models */ = {
			isa = PBXGroup;
			children = (
			);
			name = Models;
			sourceTree = "<group>";
		};
		6CDCDDAF1897F07A002EBDED /* Application */ = {
			isa = PBXGroup;
			children = (
				6CDCDDB01897F07A002EBDED /* AppDelegate.h */,
				6CDCDDB11897F07A002EBDED /* AppDelegate.m */,
				6CDCDDB21897F07A002EBDED /* AppMediterrania-Info.plist */,
				6CDCDDB31897F07A002EBDED /* AppMediterrania-Prefix.pch */,
				6CDCDDB41897F07A002EBDED /* main.m */,
			);
			path = Application;
			sourceTree = "<group>";
		};
		6CDCDDB91897F07A002EBDED /* Library */ = {
			isa = PBXGroup;
			children = (
			);
			path = Library;
			sourceTree = "<group>";
		};
		6CDCDDBA1897F07A002EBDED /* Models */ = {
			isa = PBXGroup;
			children = (
			);
			path = Models;
			sourceTree = "<group>";
		};
		6CDCDDBB1897F07A002EBDED /* Support */ = {
			isa = PBXGroup;
			children = (
				6CDCDDC51897F10B002EBDED /* Resources */,
				6CDCDDBC1897F07A002EBDED /* Images.xcassets */,
			);
			path = Support;
			sourceTree = "<group>";
		};
		6CDCDDC31897F0DD002EBDED /* Views */ = {
			isa = PBXGroup;
			children = (
				6CFD1BC7189A120B00CB7B15 /* Stages */,
				6CDCDDCA1897F236002EBDED /* MapView.xib */,
			);
			path = Views;
			sourceTree = "<group>";
		};
		6CDCDDC41897F0F0002EBDED /* Controllers */ = {
			isa = PBXGroup;
			children = (
				6CFD1BCA189A12B200CB7B15 /* Stages */,
				6CDCDDC81897F236002EBDED /* MapViewController.h */,
				6CDCDDC91897F236002EBDED /* MapViewController.m */,
			);
			path = Controllers;
			sourceTree = "<group>";
		};
		6CDCDDC51897F10B002EBDED /* Resources */ = {
			isa = PBXGroup;
			children = (
				6CFD1BD3189A170E00CB7B15 /* lock.png */,
				6CFD1BD4189A170E00CB7B15 /* stage.png */,
				6CFD1BCB189A12EE00CB7B15 /* pantalla_mapa.png */,
			);
			path = Resources;
			sourceTree = "<group>";
		};
		6CFD1BC7189A120B00CB7B15 /* Stages */ = {
			isa = PBXGroup;
			children = (
				6CFD1BC8189A122400CB7B15 /* StageView.xib */,
			);
			name = Stages;
			sourceTree = "<group>";
		};
		6CFD1BCA189A12B200CB7B15 /* Stages */ = {
			isa = PBXGroup;
			children = (
				6CFD1BCD189A13B500CB7B15 /* StageViewController.h */,
				6CFD1BCE189A13B500CB7B15 /* StageViewController.m */,
				6CFD1BD0189A14AF00CB7B15 /* Stage8ViewController.h */,
				6CFD1BD1189A14AF00CB7B15 /* Stage8ViewController.m */,
			);
			name = Stages;
			sourceTree = "<group>";
		};
/* End PBXGroup section */

/* Begin PBXNativeTarget section */
		6CDCDD791897EEB6002EBDED /* AppMediterrania */ = {
			isa = PBXNativeTarget;
			buildConfigurationList = 6CDCDDA61897EEB9002EBDED /* Build configuration list for PBXNativeTarget "AppMediterrania" */;
			buildPhases = (
				6CDCDD761897EEB6002EBDED /* Sources */,
				6CDCDD771897EEB6002EBDED /* Frameworks */,
				6CDCDD781897EEB6002EBDED /* Resources */,
			);
			buildRules = (
			);
			dependencies = (
			);
			name = AppMediterrania;
			productName = AppMediterrania;
			productReference = 6CDCDD7A1897EEB6002EBDED /* AppMediterrania.app */;
			productType = "com.apple.product-type.application";
		};
		6CDCDD941897EEB8002EBDED /* AppMediterraniaTests */ = {
			isa = PBXNativeTarget;
			buildConfigurationList = 6CDCDDA91897EEB9002EBDED /* Build configuration list for PBXNativeTarget "AppMediterraniaTests" */;
			buildPhases = (
				6CDCDD911897EEB8002EBDED /* Sources */,
				6CDCDD921897EEB8002EBDED /* Frameworks */,
				6CDCDD931897EEB8002EBDED /* Resources */,
			);
			buildRules = (
			);
			dependencies = (
				6CDCDD9B1897EEB8002EBDED /* PBXTargetDependency */,
			);
			name = AppMediterraniaTests;
			productName = AppMediterraniaTests;
			productReference = 6CDCDD951897EEB8002EBDED /* AppMediterraniaTests.xctest */;
			productType = "com.apple.product-type.bundle.unit-test";
		};
/* End PBXNativeTarget section */

/* Begin PBXProject section */
		6CDCDD721897EEB5002EBDED /* Project object */ = {
			isa = PBXProject;
			attributes = {
				LastUpgradeCheck = 0500;
				ORGANIZATIONNAME = Storn.es;
				TargetAttributes = {
					6CDCDD941897EEB8002EBDED = {
						TestTargetID = 6CDCDD791897EEB6002EBDED;
					};
				};
			};
			buildConfigurationList = 6CDCDD751897EEB6002EBDED /* Build configuration list for PBXProject "AppMediterrania" */;
			compatibilityVersion = "Xcode 3.2";
			developmentRegion = English;
			hasScannedForEncodings = 0;
			knownRegions = (
				en,
			);
			mainGroup = 6CDCDD711897EEB4002EBDED;
			productRefGroup = 6CDCDD7B1897EEB6002EBDED /* Products */;
			projectDirPath = "";
			projectRoot = "";
			targets = (
				6CDCDD791897EEB6002EBDED /* AppMediterrania */,
				6CDCDD941897EEB8002EBDED /* AppMediterraniaTests */,
			);
		};
/* End PBXProject section */

/* Begin PBXResourcesBuildPhase section */
		6CDCDD781897EEB6002EBDED /* Resources */ = {
			isa = PBXResourcesBuildPhase;
			buildActionMask = 2147483647;
			files = (
				6CDCDDBF1897F07A002EBDED /* AppMediterrania-Info.plist in Resources */,
				6CFD1BCC189A12EE00CB7B15 /* pantalla_mapa.png in Resources */,
				6CFD1BD5189A170E00CB7B15 /* lock.png in Resources */,
				6CFD1BC9189A122400CB7B15 /* StageView.xib in Resources */,
				6CDCDDC21897F07A002EBDED /* Images.xcassets in Resources */,
				6CFD1BD6189A170E00CB7B15 /* stage.png in Resources */,
				6CDCDDCC1897F236002EBDED /* MapView.xib in Resources */,
			);
			runOnlyForDeploymentPostprocessing = 0;
		};
		6CDCDD931897EEB8002EBDED /* Resources */ = {
			isa = PBXResourcesBuildPhase;
			buildActionMask = 2147483647;
			files = (
				6CDCDDA11897EEB8002EBDED /* InfoPlist.strings in Resources */,
			);
			runOnlyForDeploymentPostprocessing = 0;
		};
/* End PBXResourcesBuildPhase section */

/* Begin PBXSourcesBuildPhase section */
		6CDCDD761897EEB6002EBDED /* Sources */ = {
			isa = PBXSourcesBuildPhase;
			buildActionMask = 2147483647;
			files = (
				6CDCDDCB1897F236002EBDED /* MapViewController.m in Sources */,
				6CDCDDC01897F07A002EBDED /* main.m in Sources */,
				6CDCDDBE1897F07A002EBDED /* AppDelegate.m in Sources */,
				6CFD1BD2189A14AF00CB7B15 /* Stage8ViewController.m in Sources */,
				6CFD1BCF189A13B500CB7B15 /* StageViewController.m in Sources */,
			);
			runOnlyForDeploymentPostprocessing = 0;
		};
		6CDCDD911897EEB8002EBDED /* Sources */ = {
			isa = PBXSourcesBuildPhase;
			buildActionMask = 2147483647;
			files = (
				6CDCDDA31897EEB8002EBDED /* AppMediterraniaTests.m in Sources */,
			);
			runOnlyForDeploymentPostprocessing = 0;
		};
/* End PBXSourcesBuildPhase section */

/* Begin PBXTargetDependency section */
		6CDCDD9B1897EEB8002EBDED /* PBXTargetDependency */ = {
			isa = PBXTargetDependency;
			target = 6CDCDD791897EEB6002EBDED /* AppMediterrania */;
			targetProxy = 6CDCDD9A1897EEB8002EBDED /* PBXContainerItemProxy */;
		};
/* End PBXTargetDependency section */

/* Begin PBXVariantGroup section */
		6CDCDD9F1897EEB8002EBDED /* InfoPlist.strings */ = {
			isa = PBXVariantGroup;
			children = (
				6CDCDDA01897EEB8002EBDED /* en */,
			);
			name = InfoPlist.strings;
			sourceTree = "<group>";
		};
/* End PBXVariantGroup section */

/* Begin XCBuildConfiguration section */
		6CDCDDA41897EEB8002EBDED /* Debug */ = {
			isa = XCBuildConfiguration;
			buildSettings = {
				ALWAYS_SEARCH_USER_PATHS = NO;
				ARCHS = "$(ARCHS_STANDARD_INCLUDING_64_BIT)";
				CLANG_CXX_LANGUAGE_STANDARD = "gnu++0x";
				CLANG_CXX_LIBRARY = "libc++";
				CLANG_ENABLE_MODULES = YES;
				CLANG_ENABLE_OBJC_ARC = YES;
				CLANG_WARN_BOOL_CONVERSION = YES;
				CLANG_WARN_CONSTANT_CONVERSION = YES;
				CLANG_WARN_DIRECT_OBJC_ISA_USAGE = YES_ERROR;
				CLANG_WARN_EMPTY_BODY = YES;
				CLANG_WARN_ENUM_CONVERSION = YES;
				CLANG_WARN_INT_CONVERSION = YES;
				CLANG_WARN_OBJC_ROOT_CLASS = YES_ERROR;
				CLANG_WARN__DUPLICATE_METHOD_MATCH = YES;
				"CODE_SIGN_IDENTITY[sdk=iphoneos*]" = "iPhone Developer";
				COPY_PHASE_STRIP = NO;
				GCC_C_LANGUAGE_STANDARD = gnu99;
				GCC_DYNAMIC_NO_PIC = NO;
				GCC_OPTIMIZATION_LEVEL = 0;
				GCC_PREPROCESSOR_DEFINITIONS = (
					"DEBUG=1",
					"$(inherited)",
				);
				GCC_SYMBOLS_PRIVATE_EXTERN = NO;
				GCC_WARN_64_TO_32_BIT_CONVERSION = YES;
				GCC_WARN_ABOUT_RETURN_TYPE = YES_ERROR;
				GCC_WARN_UNDECLARED_SELECTOR = YES;
				GCC_WARN_UNINITIALIZED_AUTOS = YES;
				GCC_WARN_UNUSED_FUNCTION = YES;
				GCC_WARN_UNUSED_VARIABLE = YES;
				IPHONEOS_DEPLOYMENT_TARGET = 7.0;
				ONLY_ACTIVE_ARCH = YES;
				SDKROOT = iphoneos;
				TARGETED_DEVICE_FAMILY = 2;
			};
			name = Debug;
		};
		6CDCDDA51897EEB8002EBDED /* Release */ = {
			isa = XCBuildConfiguration;
			buildSettings = {
				ALWAYS_SEARCH_USER_PATHS = NO;
				ARCHS = "$(ARCHS_STANDARD_INCLUDING_64_BIT)";
				CLANG_CXX_LANGUAGE_STANDARD = "gnu++0x";
				CLANG_CXX_LIBRARY = "libc++";
				CLANG_ENABLE_MODULES = YES;
				CLANG_ENABLE_OBJC_ARC = YES;
				CLANG_WARN_BOOL_CONVERSION = YES;
				CLANG_WARN_CONSTANT_CONVERSION = YES;
				CLANG_WARN_DIRECT_OBJC_ISA_USAGE = YES_ERROR;
				CLANG_WARN_EMPTY_BODY = YES;
				CLANG_WARN_ENUM_CONVERSION = YES;
				CLANG_WARN_INT_CONVERSION = YES;
				CLANG_WARN_OBJC_ROOT_CLASS = YES_ERROR;
				CLANG_WARN__DUPLICATE_METHOD_MATCH = YES;
				"CODE_SIGN_IDENTITY[sdk=iphoneos*]" = "iPhone Developer";
				COPY_PHASE_STRIP = YES;
				ENABLE_NS_ASSERTIONS = NO;
				GCC_C_LANGUAGE_STANDARD = gnu99;
				GCC_WARN_64_TO_32_BIT_CONVERSION = YES;
				GCC_WARN_ABOUT_RETURN_TYPE = YES_ERROR;
				GCC_WARN_UNDECLARED_SELECTOR = YES;
				GCC_WARN_UNINITIALIZED_AUTOS = YES;
				GCC_WARN_UNUSED_FUNCTION = YES;
				GCC_WARN_UNUSED_VARIABLE = YES;
				IPHONEOS_DEPLOYMENT_TARGET = 7.0;
				SDKROOT = iphoneos;
				TARGETED_DEVICE_FAMILY = 2;
				VALIDATE_PRODUCT = YES;
			};
			name = Release;
		};
		6CDCDDA71897EEB9002EBDED /* Debug */ = {
			isa = XCBuildConfiguration;
			buildSettings = {
				ASSETCATALOG_COMPILER_APPICON_NAME = AppIcon;
				ASSETCATALOG_COMPILER_LAUNCHIMAGE_NAME = LaunchImage;
				GCC_PRECOMPILE_PREFIX_HEADER = YES;
				GCC_PREFIX_HEADER = "AppMediterrania/AppMediterrania-Prefix.pch";
				INFOPLIST_FILE = "$(SRCROOT)/AppMediterrania/Application/AppMediterrania-Info.plist";
				PRODUCT_NAME = "$(TARGET_NAME)";
				WRAPPER_EXTENSION = app;
			};
			name = Debug;
		};
		6CDCDDA81897EEB9002EBDED /* Release */ = {
			isa = XCBuildConfiguration;
			buildSettings = {
				ASSETCATALOG_COMPILER_APPICON_NAME = AppIcon;
				ASSETCATALOG_COMPILER_LAUNCHIMAGE_NAME = LaunchImage;
				GCC_PRECOMPILE_PREFIX_HEADER = YES;
				GCC_PREFIX_HEADER = "AppMediterrania/AppMediterrania-Prefix.pch";
				INFOPLIST_FILE = "$(SRCROOT)/AppMediterrania/Application/AppMediterrania-Info.plist";
				PRODUCT_NAME = "$(TARGET_NAME)";
				WRAPPER_EXTENSION = app;
			};
			name = Release;
		};
		6CDCDDAA1897EEB9002EBDED /* Debug */ = {
			isa = XCBuildConfiguration;
			buildSettings = {
				ARCHS = "$(ARCHS_STANDARD_INCLUDING_64_BIT)";
				BUNDLE_LOADER = "$(BUILT_PRODUCTS_DIR)/AppMediterrania.app/AppMediterrania";
				FRAMEWORK_SEARCH_PATHS = (
					"$(SDKROOT)/Developer/Library/Frameworks",
					"$(inherited)",
					"$(DEVELOPER_FRAMEWORKS_DIR)",
				);
				GCC_PRECOMPILE_PREFIX_HEADER = YES;
				GCC_PREFIX_HEADER = "AppMediterrania/AppMediterrania-Prefix.pch";
				GCC_PREPROCESSOR_DEFINITIONS = (
					"DEBUG=1",
					"$(inherited)",
				);
				INFOPLIST_FILE = "AppMediterraniaTests/AppMediterraniaTests-Info.plist";
				PRODUCT_NAME = "$(TARGET_NAME)";
				TEST_HOST = "$(BUNDLE_LOADER)";
				WRAPPER_EXTENSION = xctest;
			};
			name = Debug;
		};
		6CDCDDAB1897EEB9002EBDED /* Release */ = {
			isa = XCBuildConfiguration;
			buildSettings = {
				ARCHS = "$(ARCHS_STANDARD_INCLUDING_64_BIT)";
				BUNDLE_LOADER = "$(BUILT_PRODUCTS_DIR)/AppMediterrania.app/AppMediterrania";
				FRAMEWORK_SEARCH_PATHS = (
					"$(SDKROOT)/Developer/Library/Frameworks",
					"$(inherited)",
					"$(DEVELOPER_FRAMEWORKS_DIR)",
				);
				GCC_PRECOMPILE_PREFIX_HEADER = YES;
				GCC_PREFIX_HEADER = "AppMediterrania/AppMediterrania-Prefix.pch";
				INFOPLIST_FILE = "AppMediterraniaTests/AppMediterraniaTests-Info.plist";
				PRODUCT_NAME = "$(TARGET_NAME)";
				TEST_HOST = "$(BUNDLE_LOADER)";
				WRAPPER_EXTENSION = xctest;
			};
			name = Release;
		};
/* End XCBuildConfiguration section */

/* Begin XCConfigurationList section */
		6CDCDD751897EEB6002EBDED /* Build configuration list for PBXProject "AppMediterrania" */ = {
			isa = XCConfigurationList;
			buildConfigurations = (
				6CDCDDA41897EEB8002EBDED /* Debug */,
				6CDCDDA51897EEB8002EBDED /* Release */,
			);
			defaultConfigurationIsVisible = 0;
			defaultConfigurationName = Release;
		};
		6CDCDDA61897EEB9002EBDED /* Build configuration list for PBXNativeTarget "AppMediterrania" */ = {
			isa = XCConfigurationList;
			buildConfigurations = (
				6CDCDDA71897EEB9002EBDED /* Debug */,
				6CDCDDA81897EEB9002EBDED /* Release */,
			);
			defaultConfigurationIsVisible = 0;
			defaultConfigurationName = Release;
		};
		6CDCDDA91897EEB9002EBDED /* Build configuration list for PBXNativeTarget "AppMediterraniaTests" */ = {
			isa = XCConfigurationList;
			buildConfigurations = (
				6CDCDDAA1897EEB9002EBDED /* Debug */,
				6CDCDDAB1897EEB9002EBDED /* Release */,
			);
			defaultConfigurationIsVisible = 0;
			defaultConfigurationName = Release;
		};
/* End XCConfigurationList section */
	};
	rootObject = 6CDCDD721897EEB5002EBDED /* Project object */;
}
